{
  "version": 4,
  "terraform_version": "1.5.7",
  "serial": 27,
  "lineage": "f4a86781-01dc-cd62-ed01-d654453e0ae5",
  "outputs": {
    "my-Terraform-ec2-public-ip": {
      "value": "54.166.226.234",
      "type": "string"
    }
  },
  "resources": [
    {
      "mode": "data",
      "type": "aws_ami",
      "name": "windows-2019",
      "provider": "provider[\"registry.terraform.io/hashicorp/aws\"]",
      "instances": [
        {
          "schema_version": 0,
          "attributes": {
            "architecture": "x86_64",
            "arn": "arn:aws:ec2:us-east-1::image/ami-073e3b46f8802d31b",
            "block_device_mappings": [
              {
                "device_name": "/dev/sda1",
                "ebs": {
                  "delete_on_termination": "true",
                  "encrypted": "false",
                  "iops": "0",
                  "snapshot_id": "snap-08131ba8766492c4e",
                  "throughput": "0",
                  "volume_size": "30",
                  "volume_type": "gp2"
                },
                "no_device": "",
                "virtual_name": ""
              },
              {
                "device_name": "xvdca",
                "ebs": {},
                "no_device": "",
                "virtual_name": "ephemeral0"
              },
              {
                "device_name": "xvdcb",
                "ebs": {},
                "no_device": "",
                "virtual_name": "ephemeral1"
              },
              {
                "device_name": "xvdcc",
                "ebs": {},
                "no_device": "",
                "virtual_name": "ephemeral2"
              },
              {
                "device_name": "xvdcd",
                "ebs": {},
                "no_device": "",
                "virtual_name": "ephemeral3"
              },
              {
                "device_name": "xvdce",
                "ebs": {},
                "no_device": "",
                "virtual_name": "ephemeral4"
              },
              {
                "device_name": "xvdcf",
                "ebs": {},
                "no_device": "",
                "virtual_name": "ephemeral5"
              },
              {
                "device_name": "xvdcg",
                "ebs": {},
                "no_device": "",
                "virtual_name": "ephemeral6"
              },
              {
                "device_name": "xvdch",
                "ebs": {},
                "no_device": "",
                "virtual_name": "ephemeral7"
              },
              {
                "device_name": "xvdci",
                "ebs": {},
                "no_device": "",
                "virtual_name": "ephemeral8"
              },
              {
                "device_name": "xvdcj",
                "ebs": {},
                "no_device": "",
                "virtual_name": "ephemeral9"
              },
              {
                "device_name": "xvdck",
                "ebs": {},
                "no_device": "",
                "virtual_name": "ephemeral10"
              },
              {
                "device_name": "xvdcl",
                "ebs": {},
                "no_device": "",
                "virtual_name": "ephemeral11"
              },
              {
                "device_name": "xvdcm",
                "ebs": {},
                "no_device": "",
                "virtual_name": "ephemeral12"
              },
              {
                "device_name": "xvdcn",
                "ebs": {},
                "no_device": "",
                "virtual_name": "ephemeral13"
              },
              {
                "device_name": "xvdco",
                "ebs": {},
                "no_device": "",
                "virtual_name": "ephemeral14"
              },
              {
                "device_name": "xvdcp",
                "ebs": {},
                "no_device": "",
                "virtual_name": "ephemeral15"
              },
              {
                "device_name": "xvdcq",
                "ebs": {},
                "no_device": "",
                "virtual_name": "ephemeral16"
              },
              {
                "device_name": "xvdcr",
                "ebs": {},
                "no_device": "",
                "virtual_name": "ephemeral17"
              },
              {
                "device_name": "xvdcs",
                "ebs": {},
                "no_device": "",
                "virtual_name": "ephemeral18"
              },
              {
                "device_name": "xvdct",
                "ebs": {},
                "no_device": "",
                "virtual_name": "ephemeral19"
              },
              {
                "device_name": "xvdcu",
                "ebs": {},
                "no_device": "",
                "virtual_name": "ephemeral20"
              },
              {
                "device_name": "xvdcv",
                "ebs": {},
                "no_device": "",
                "virtual_name": "ephemeral21"
              },
              {
                "device_name": "xvdcw",
                "ebs": {},
                "no_device": "",
                "virtual_name": "ephemeral22"
              },
              {
                "device_name": "xvdcx",
                "ebs": {},
                "no_device": "",
                "virtual_name": "ephemeral23"
              },
              {
                "device_name": "xvdcy",
                "ebs": {},
                "no_device": "",
                "virtual_name": "ephemeral24"
              },
              {
                "device_name": "xvdcz",
                "ebs": {},
                "no_device": "",
                "virtual_name": "ephemeral25"
              }
            ],
            "boot_mode": "",
            "creation_date": "2024-10-09T01:11:51.000Z",
            "deprecation_time": "2026-10-09T01:11:51.000Z",
            "description": "Microsoft Windows Server 2019 with Desktop Experience Locale English AMI provided by Amazon",
            "ena_support": true,
            "executable_users": null,
            "filter": [
              {
                "name": "name",
                "values": [
                  "Windows_Server-2019-English-Full-Base*"
                ]
              }
            ],
            "hypervisor": "xen",
            "id": "ami-073e3b46f8802d31b",
            "image_id": "ami-073e3b46f8802d31b",
            "image_location": "amazon/Windows_Server-2019-English-Full-Base-2024.10.09",
            "image_owner_alias": "amazon",
            "image_type": "machine",
            "imds_support": "",
            "include_deprecated": false,
            "kernel_id": "",
            "most_recent": true,
            "name": "Windows_Server-2019-English-Full-Base-2024.10.09",
            "name_regex": null,
            "owner_id": "801119661308",
            "owners": [
              "amazon"
            ],
            "platform": "windows",
            "platform_details": "Windows",
            "product_codes": [],
            "public": true,
            "ramdisk_id": "",
            "root_device_name": "/dev/sda1",
            "root_device_type": "ebs",
            "root_snapshot_id": "snap-08131ba8766492c4e",
            "sriov_net_support": "simple",
            "state": "available",
            "state_reason": {
              "code": "UNSET",
              "message": "UNSET"
            },
            "tags": {},
            "timeouts": null,
            "tpm_support": "",
            "usage_operation": "RunInstances:0002",
            "virtualization_type": "hvm"
          },
          "sensitive_attributes": []
        }
      ]
    },
    {
      "mode": "data",
      "type": "http",
      "name": "my_public_ip",
      "provider": "provider[\"registry.terraform.io/hashicorp/http\"]",
      "instances": [
        {
          "schema_version": 0,
          "attributes": {
            "body": "18.222.56.74\n",
            "ca_cert_pem": null,
            "id": "https://ipv4.icanhazip.com",
            "insecure": null,
            "method": null,
            "request_body": null,
            "request_headers": null,
            "request_timeout_ms": null,
            "response_body": "18.222.56.74\n",
            "response_body_base64": "MTguMjIyLjU2Ljc0Cg==",
            "response_headers": {
              "Access-Control-Allow-Methods": "GET",
              "Access-Control-Allow-Origin": "*",
              "Alt-Svc": "h3=\":443\"; ma=86400",
              "Cf-Ray": "8d8310f42d14d679-IAD",
              "Content-Length": "13",
              "Content-Type": "text/plain",
              "Date": "Fri, 25 Oct 2024 14:58:41 GMT",
              "Server": "cloudflare",
              "Set-Cookie": "__cf_bm=RTIvjmwG1Juh4Ld8enGh_0eyb8Y5IzZZrHnl_znUoKE-1729868321-1.0.1.1-jMuZOafztKFDo1pEYGG8tPZAXhXmiBj6NgqtDHkokaQkY75ZbD8gjLxPTVaibV8bfMlEdFma17Vm1rz9.NzJ1g; path=/; expires=Fri, 25-Oct-24 15:28:41 GMT; domain=.icanhazip.com; HttpOnly; Secure; SameSite=None",
              "Vary": "Accept-Encoding"
            },
            "retry": null,
            "status_code": 200,
            "url": "https://ipv4.icanhazip.com"
          },
          "sensitive_attributes": []
        }
      ]
    },
    {
      "mode": "managed",
      "type": "aws_instance",
      "name": "my-Terraform-ec2-windows",
      "provider": "provider[\"registry.terraform.io/hashicorp/aws\"]",
      "instances": [
        {
          "schema_version": 1,
          "attributes": {
            "ami": "ami-073e3b46f8802d31b",
            "arn": "arn:aws:ec2:us-east-1:891377328816:instance/i-048545d9eedd7020d",
            "associate_public_ip_address": true,
            "availability_zone": "us-east-1a",
            "capacity_reservation_specification": [
              {
                "capacity_reservation_preference": "open",
                "capacity_reservation_target": []
              }
            ],
            "cpu_core_count": 1,
            "cpu_options": [
              {
                "amd_sev_snp": "",
                "core_count": 1,
                "threads_per_core": 1
              }
            ],
            "cpu_threads_per_core": 1,
            "credit_specification": [
              {
                "cpu_credits": "standard"
              }
            ],
            "disable_api_stop": false,
            "disable_api_termination": false,
            "ebs_block_device": [],
            "ebs_optimized": false,
            "enclave_options": [
              {
                "enabled": false
              }
            ],
            "ephemeral_block_device": [],
            "get_password_data": true,
            "hibernation": false,
            "host_id": "",
            "host_resource_group_arn": null,
            "iam_instance_profile": "",
            "id": "i-048545d9eedd7020d",
            "instance_initiated_shutdown_behavior": "stop",
            "instance_lifecycle": "",
            "instance_market_options": [],
            "instance_state": "running",
            "instance_type": "t2.micro",
            "ipv6_address_count": 0,
            "ipv6_addresses": [],
            "key_name": "My-Terraform-ec2-windows-keypair",
            "launch_template": [],
            "maintenance_options": [
              {
                "auto_recovery": "default"
              }
            ],
            "metadata_options": [
              {
                "http_endpoint": "enabled",
                "http_protocol_ipv6": "disabled",
                "http_put_response_hop_limit": 1,
                "http_tokens": "optional",
                "instance_metadata_tags": "disabled"
              }
            ],
            "monitoring": false,
            "network_interface": [],
            "outpost_arn": "",
            "password_data": "btY0VE8i6M9g+NHxd/cDJCr+5pW0wK4zP/zIIXtPLaW473QIxY6MpdXapB1JH8eND9r50H53SIHlHcxJyZDWGugx75dPX/t6FxIJcLAAOyQ4Ue/5dPG+n9MUWhk7tsnrImjUhTCaK6V+zDIeFYy2JRYg1e/7Nxy9T66kCA20O2tLEf4Nlk5t7V2GRYYt6roqkxXEXmHLLIxV73bNUP0iy336ISJg2CruA1iCrwJVv/CRglEjSFOaqa73blMi5GCGIoRd7jiW2R2KcP38VZfveBsZ9+2Br4DqdHxDF6wAz9ikmhRwlqzgJxreqrsuaAoaD2UB8LHuz5nOpWM6OGjRWfk8r+kEmspiMNEkAqd6x2eTEV/UQmjDR3xEWIaqJ8Uo18k4+Qwe4nOXNV3/2CtRLcXV/dwj0I59jk95FMjoJ6cf8GvtLLcXWkiMg9/++cGgX5TGU5vksdzypGo/BjCYLM2GA3UWA1+0lKlt481nx5gQshK+sMCDUJhbkgpqkOAr2YxC/2uMHHJ+tcBHZZStdUKMp5Qr15fxDoyaLocg0mo/NWvZy+4JNTmS/sw7NqBcLMNTYLH2lMa1amhez8sCniXX5WpxeQxaY5KpNCxKAHh5cIcg0F9apTJ9WNKzbje6uOg3qe1+yqnRPQhGGRRQzn32C3A2y/w1V5t4ABdqk78=",
            "placement_group": "",
            "placement_partition_number": 0,
            "primary_network_interface_id": "eni-08dda2bee5a7c6508",
            "private_dns": "ip-10-0-69-67.ec2.internal",
            "private_dns_name_options": [
              {
                "enable_resource_name_dns_a_record": false,
                "enable_resource_name_dns_aaaa_record": false,
                "hostname_type": "ip-name"
              }
            ],
            "private_ip": "10.0.69.67",
            "public_dns": "ec2-54-166-226-234.compute-1.amazonaws.com",
            "public_ip": "54.166.226.234",
            "root_block_device": [
              {
                "delete_on_termination": true,
                "device_name": "/dev/sda1",
                "encrypted": false,
                "iops": 100,
                "kms_key_id": "",
                "tags": {},
                "tags_all": {},
                "throughput": 0,
                "volume_id": "vol-08348a69e1547c94c",
                "volume_size": 30,
                "volume_type": "gp2"
              }
            ],
            "secondary_private_ips": [],
            "security_groups": [],
            "source_dest_check": true,
            "spot_instance_request_id": "",
            "subnet_id": "subnet-0f21edb0824af4704",
            "tags": {
              "Name": "My-Terraform-ec2-windows"
            },
            "tags_all": {
              "Name": "My-Terraform-ec2-windows"
            },
            "tenancy": "default",
            "timeouts": null,
            "user_data": null,
            "user_data_base64": null,
            "user_data_replace_on_change": false,
            "volume_tags": null,
            "vpc_security_group_ids": [
              "sg-0f014268a80de23a6"
            ]
          },
          "sensitive_attributes": [],
          "private": "eyJlMmJmYjczMC1lY2FhLTExZTYtOGY4OC0zNDM2M2JjN2M0YzAiOnsiY3JlYXRlIjo2MDAwMDAwMDAwMDAsImRlbGV0ZSI6MTIwMDAwMDAwMDAwMCwicmVhZCI6OTAwMDAwMDAwMDAwLCJ1cGRhdGUiOjYwMDAwMDAwMDAwMH0sInNjaGVtYV92ZXJzaW9uIjoiMSJ9",
          "dependencies": [
            "aws_security_group.ec2-windows-SG",
            "data.aws_ami.windows-2019",
            "data.http.my_public_ip",
            "module.vpc.aws_subnet.public",
            "module.vpc.aws_vpc.this",
            "module.vpc.aws_vpc_ipv4_cidr_block_association.this"
          ]
        }
      ]
    },
    {
      "mode": "managed",
      "type": "aws_key_pair",
      "name": "My-Terraform-ec2-windows-keypair",
      "provider": "provider[\"registry.terraform.io/hashicorp/aws\"]",
      "instances": [
        {
          "schema_version": 1,
          "attributes": {
            "arn": "arn:aws:ec2:us-east-1:891377328816:key-pair/My-Terraform-ec2-windows-keypair",
            "fingerprint": "da:f7:8f:95:d8:7e:fe:c7:e2:39:11:31:36:e1:df:58",
            "id": "My-Terraform-ec2-windows-keypair",
            "key_name": "My-Terraform-ec2-windows-keypair",
            "key_name_prefix": "",
            "key_pair_id": "key-074c6ba56f0c04e71",
            "key_type": "rsa",
            "public_key": "ssh-rsa AAAAB3NzaC1yc2EAAAADAQABAAACAQDJSKk0kH9X8za/Pz5ZmSlyZtdbLRb/j2NoDAqeOD2NkoCkNB5KKhJMhs4Vt6ji4IaTM0lKArYy1fQjVqvudPHzOrcjv6akewSUn0w2vHjl2IArRZP/xvdt5L64euLT2BqwqSCjOGHlFDK5Au3I3qvK00FbwgCsk8LNd+oL8jfbL6PqhD7LbfzXJQQMLWBgg9KDa5irgRE+yhLy2y4wBDfabOgDZ6YYxs1Wj1fdYJWUxondX+fvQDdq0R8PuCxdpiO+oQ/A48l3FbuRT2eWuGw8yFLlSLLA5194TGjZYvHVxbgF/XwxYyfM/tMCSYnZhg2rbxxjMZDgKIiHCQYCaGCPtJd5lvWLin7EuBMVOY4cWpMSe2eouUDk8ME8e/ASuU0hmZi6l/TmXt4Sp6G2vDOLSg4EU7O8Jg/bEd3syPQQKbWOuKo+QkxXZjytzl6opOucOU2kwTNNCdotTrPbxgG3gaDlkZBnxBwH2h5DKKVvgv4Gov7eqlK5kwirMSFYLe0otWBI9GhgjlPHtRWdNweh1vUpREBOl36GepivzcDFoQkBqJvj+VGRQM4wmo//bYJAqw2+s22Vyyq7fBCJw3WAEZeeT9ibYdRS0ruVcJQ0pKv4ignpUTi7fw9J69dFtX9+xU+QjJvoe16z5E0dgGwudI5Kfz0x41A63neEaqep3Q==",
            "tags": null,
            "tags_all": {}
          },
          "sensitive_attributes": [],
          "private": "eyJzY2hlbWFfdmVyc2lvbiI6IjEifQ==",
          "dependencies": [
            "tls_private_key.rsa"
          ]
        }
      ]
    },
    {
      "mode": "managed",
      "type": "aws_security_group",
      "name": "ec2-windows-SG",
      "provider": "provider[\"registry.terraform.io/hashicorp/aws\"]",
      "instances": [
        {
          "schema_version": 1,
          "attributes": {
            "arn": "arn:aws:ec2:us-east-1:891377328816:security-group/sg-0f014268a80de23a6",
            "description": "Terraform Security Group for Windows EC2",
            "egress": [
              {
                "cidr_blocks": [
                  "0.0.0.0/0"
                ],
                "description": "",
                "from_port": 0,
                "ipv6_cidr_blocks": [],
                "prefix_list_ids": [],
                "protocol": "-1",
                "security_groups": [],
                "self": false,
                "to_port": 0
              }
            ],
            "id": "sg-0f014268a80de23a6",
            "ingress": [
              {
                "cidr_blocks": [
                  "18.222.56.74/32"
                ],
                "description": "Allow incoming HTTP connections",
                "from_port": 80,
                "ipv6_cidr_blocks": [],
                "prefix_list_ids": [],
                "protocol": "tcp",
                "security_groups": [],
                "self": false,
                "to_port": 80
              },
              {
                "cidr_blocks": [
                  "18.222.56.74/32"
                ],
                "description": "Allow incoming HTTPS connections",
                "from_port": 443,
                "ipv6_cidr_blocks": [],
                "prefix_list_ids": [],
                "protocol": "tcp",
                "security_groups": [],
                "self": false,
                "to_port": 443
              },
              {
                "cidr_blocks": [
                  "18.222.56.74/32"
                ],
                "description": "Allow incoming RDP connections",
                "from_port": 3389,
                "ipv6_cidr_blocks": [],
                "prefix_list_ids": [],
                "protocol": "tcp",
                "security_groups": [],
                "self": false,
                "to_port": 3389
              },
              {
                "cidr_blocks": [
                  "18.222.56.74/32"
                ],
                "description": "Allow incoming SSH connections",
                "from_port": 22,
                "ipv6_cidr_blocks": [],
                "prefix_list_ids": [],
                "protocol": "tcp",
                "security_groups": [],
                "self": false,
                "to_port": 22
              }
            ],
            "name": "Terraform-ec2-windows-SG",
            "name_prefix": "",
            "owner_id": "891377328816",
            "revoke_rules_on_delete": false,
            "tags": {
              "Name": "Terraform-ec2-windows-SG"
            },
            "tags_all": {
              "Name": "Terraform-ec2-windows-SG"
            },
            "timeouts": null,
            "vpc_id": "vpc-0ca34cb5e035228b2"
          },
          "sensitive_attributes": [],
          "private": "eyJlMmJmYjczMC1lY2FhLTExZTYtOGY4OC0zNDM2M2JjN2M0YzAiOnsiY3JlYXRlIjo2MDAwMDAwMDAwMDAsImRlbGV0ZSI6OTAwMDAwMDAwMDAwfSwic2NoZW1hX3ZlcnNpb24iOiIxIn0=",
          "dependencies": [
            "data.http.my_public_ip",
            "module.vpc.aws_vpc.this"
          ]
        }
      ]
    },
    {
      "mode": "managed",
      "type": "aws_ssm_parameter",
      "name": "my-Terraform-ec2-windows-ssm",
      "provider": "provider[\"registry.terraform.io/hashicorp/aws\"]",
      "instances": [
        {
          "schema_version": 0,
          "attributes": {
            "allowed_pattern": "",
            "arn": "arn:aws:ssm:us-east-1:891377328816:parameter/windows-password",
            "data_type": "text",
            "description": "",
            "id": "windows-password",
            "insecure_value": null,
            "key_id": "alias/aws/ssm",
            "name": "windows-password",
            "overwrite": null,
            "tags": null,
            "tags_all": {},
            "tier": "Standard",
            "type": "SecureString",
            "value": "ljR5RcBkYhzA35%2uSLgLLq58Z%Ovpkd",
            "version": 1
          },
          "sensitive_attributes": [],
          "private": "bnVsbA==",
          "dependencies": [
            "aws_instance.my-Terraform-ec2-windows",
            "aws_security_group.ec2-windows-SG",
            "data.aws_ami.windows-2019",
            "data.http.my_public_ip",
            "module.vpc.aws_subnet.public",
            "module.vpc.aws_vpc.this",
            "module.vpc.aws_vpc_ipv4_cidr_block_association.this",
            "tls_private_key.rsa"
          ]
        }
      ]
    },
    {
      "mode": "managed",
      "type": "local_file",
      "name": "My-Terraform-ec2-windows-keypair",
      "provider": "provider[\"registry.terraform.io/hashicorp/local\"]",
      "instances": [
        {
          "schema_version": 0,
          "attributes": {
            "content": "-----BEGIN RSA PRIVATE KEY-----\nMIIJKAIBAAKCAgEAyUipNJB/V/M2vz8+WZkpcmbXWy0W/49jaAwKnjg9jZKApDQe\nSioSTIbOFbeo4uCGkzNJSgK2MtX0I1ar7nTx8zq3I7+mpHsElJ9MNrx45diAK0WT\n/8b3beS+uHri09gasKkgozhh5RQyuQLtyN6rytNBW8IArJPCzXfqC/I32y+j6oQ+\ny2381yUEDC1gYIPSg2uYq4ERPsoS8tsuMAQ32mzoA2emGMbNVo9X3WCVlMaJ3V/n\n70A3atEfD7gsXaYjvqEPwOPJdxW7kU9nlrhsPMhS5UiywOdfeExo2WLx1cW4Bf18\nMWMnzP7TAkmJ2YYNq28cYzGQ4CiIhwkGAmhgj7SXeZb1i4p+xLgTFTmOHFqTEntn\nqLlA5PDBPHvwErlNIZmYupf05l7eEqehtrwzi0oOBFOzvCYP2xHd7Mj0ECm1jriq\nPkJMV2Y8rc5eqKTrnDlNpMEzTQnaLU6z28YBt4Gg5ZGQZ8QcB9oeQyilb4L+BqL+\n3qpSuZMIqzEhWC3tKLVgSPRoYI5Tx7UVnTcHodb1KURATpd+hnqYr83AxaEJAaib\n4/lRkUDOMJqP/22CQKsNvrNtlcsqu3wQicN1gBGXnk/Ym2HUUtK7lXCUNKSr+IoJ\n6VE4u38PSevXRbV/fsVPkIyb6Htes+RNHYBsLnSOSn89MeNQOt53hGqnqd0CAwEA\nAQKCAgBIH5QZtKkcn5Z/Yq75ternBjimf/qcqglpj98CII7VuqgDrnUoB/k0mJ0h\npQSL/v3Zoufg8CXPA2EOhJDoydikWeajlZmlmDrk8kuB1XjQiwop9y132hhwtSUt\nv0Klu+qcYI3EToCtb9ZY+tavQjJ2Y8ookdRiAjQsIYqoqysei+yFLMu/YvLVOHtB\nzcSZ8MIuuxAibAX85LVzddwP8oL87kcYaTxX5mxPVt+aAHC4tYdS3nmh/fWdfb9O\nh6TGDbEDLn0Rlc1rsUrbX4NzuzN1eCZT5/+9JWrNFTwAoPacrdMpulGU9L2fM7Py\nPt15JxKg2hhm5qzN1VhOYopXtITcdigmvouHRK++Y51M9nJ7Wkiah95+4/OhYHvv\njhRK/hyAIhqZDyURtDpyYnMkPuparSCyKcXm+y8V6VHvEGSGFt6zTx/ogJFxy3Ka\nc470OM3RMiB5PrOH9ZlEVSLNlYsu62k31p3xwMT0dnXAv1sZHDIrjXt91oAZK+vH\nmxXjCxRkb+eOIK8Xi1VpzBQsn4HW8/CAJscL7ydGFVJMMzTCq9NlIEHhI8YgphoR\nypf12KFT0edWiCnsCHndxHHAfMTxPAMfNHRvHq9mrl2xPsCPvmYqtAfLmoYDz9Ox\ne7GFmRGn3yEqciWM9ZCNoawW+u2vSBov+0c/cXjA1xWKcn3owQKCAQEA0l19MT30\nnNM5RnMXPy0aieknU7DyI/5uGcwF6FJqEvDF1Lg90QXbeXJAHunQdw31qtvyCG1q\nKoN2DuCVssWv1ZOjfxqvyJksAatU1GRo428BNAEVwCz7ki6vaiTzfizxmyTRM35w\ncvN9GxVGsMKs0CfG5IHToPNyZWo/drm1S/II5x6J51tL8k1qnZSeu56+HiL0RSms\n8wNWwRfPLtAXLG7PdZkere2YWFn22ef2sY70RELZn89Z+56fdQ1ZX8bzKi8H/ayd\nIPXoL1OsfJOXJnYeUzGNC8oAooY/lxQuVzuCZHmT8z9d3jKrOD1z2Xj6avMOoNGr\nXCrBxUd9d7PdsQKCAQEA9PLYAuy8hny7mlARH7Np6oXIOLhDi6ZUTW6XEM90wRjH\nAu5ikprq1OSSWN2tMHA1rvG3erpsht5wMTPorv31G6o9fU+thIaRR4sq4haCFUwM\n3Z8GQO6GIZbSwbGZVspg/VJjtdzDQStGleP2YlME5nPVPX2QGbbXrWrtYZW8wJtQ\n8klPxA1fUuBQ4z4NGr21iOHcT0cXfE6QYbs0p7HKwqJy9T4rLD30QvCGlEHcRXta\n7kOJegsuXWYVFzTYmtPufqQmkDol4Qn2zS0ntU9Z8p4aNDOZXuRG9Vo/as4LSzfG\n3Xjs2pibivBpUoe5iRKY6VUzohPkL4/CYUwBaSR97QKCAQBKPoiiynT8rGe4f4Ii\n3+5P4iPpG7g6D+AX5rPnDL83NBb+PpBCp0iQkkwjHO5gNmMQDFRduRARNRiDo6vx\nzmeCf3riry5/I+AuLqPf2hhSvKi2C/P7QWUAcM2kLqppS79xvArBm8xgJaNv3ZB3\nbh3D0WYW2+MvGPy04kzHwD9GMIQH3fVZ3BTvzXblasCjAyGiTT/c8RqDIhiKSbbr\nlLG5EtrRbFsxk3uDIy1GNuIQRJ3dQaLBDlN5xMAOdcmnTfYgWzz8wOEr8t4hZeyo\ngwaDooiNYB2hnYef1LW4wnygePZKM8aNwT2F4Gghjz7F8DahbGsrQxSxkL2WvOaB\nSs/hAoIBAQCQwIXozI/ohgOzgIduDW+VGTQmWLYJ6+Q70hPR6lcb2ZGZ6Ng1vPjz\nkJPvkijLzDPdS5jbHRoPZZo1aXCjIQ7dJ3CpAhIPlBp8hgB0lUqQXV3pBhYC/zIi\n3Wd08YglYvmIGk00Zt64P2O6JnouxtLJgUBN00r59zRjliHsHjnqNJ7UX4CU4jYn\n2snSUJQb7mo+FwNDkkaNvjvSlXfbddTVynxW80M+JOqZOFy/dmA+a1RkI2M1zS+8\nIBxsl109uephyo3Dg6lo4KOJwpqJqfgEyWvA15FWI17PlWKOsm64J6EMtm56C983\nbzU+gViiaWwVz7TwngKmHLWJHAplYRxNAoIBAEWPyjmhSHA8xrYZpLkWSoTVZoHY\nYLNknNAin+6Df/KQzabt86Cj0VcI8vQhNZRcEMUFMWxoqcfiQhfXCy3ZgOqD3Xqd\nzNRikpzcLV+h8batOed7E3QpIHSqzFjLYsPylGkV4kCldeyZHShRmLvIhuQs5j4N\nU3xpO1vLngQlHvufg8o+JqKzi5cseFW+WBYBWslTrUU45KKBSz1gM7Eyy65vFgOp\nQzAcZESDnfeBgTSrCzEIlAtrnmwR7sifMqjQaaX/d7jcfvjEihJTBwiR6ER504z3\nAhtZSErrpRcEL3rYKHNFCex9UnRwNdrmqjAHGZ8DHUvQ+Whh3vcpnD/YtdM=\n-----END RSA PRIVATE KEY-----\n",
            "content_base64": null,
            "content_base64sha256": "IP0UXH24hjwgYNy+1mz/BoUi3jGyaSXV907nHbMBaOs=",
            "content_base64sha512": "//u9XptQJ3ANn3BSGfvvixK79w3Goj5jM9QA5umGdQ3Gfy/Y1TZXMy1DaEUo9XU7JkJpebPIhDjganqsGjoHRQ==",
            "content_md5": "79ded9db03b17b91a71acbe9e1604347",
            "content_sha1": "3a4aafa4df3079cf59161d9b42f1c3e2deba5cf8",
            "content_sha256": "20fd145c7db8863c2060dcbed66cff068522de31b26925d5f74ee71db30168eb",
            "content_sha512": "fffbbd5e9b5027700d9f705219fbef8b12bbf70dc6a23e6333d400e6e986750dc67f2fd8d53657332d43684528f5753b26426979b3c88438e06a7aac1a3a0745",
            "directory_permission": "0777",
            "file_permission": "0777",
            "filename": "mytfec2windowskey",
            "id": "3a4aafa4df3079cf59161d9b42f1c3e2deba5cf8",
            "sensitive_content": null,
            "source": null
          },
          "sensitive_attributes": [
            [
              {
                "type": "get_attr",
                "value": "content"
              }
            ]
          ],
          "dependencies": [
            "tls_private_key.rsa"
          ]
        }
      ]
    },
    {
      "mode": "managed",
      "type": "local_file",
      "name": "RDP_key",
      "provider": "provider[\"registry.terraform.io/hashicorp/local\"]",
      "instances": [
        {
          "schema_version": 0,
          "attributes": {
            "content": "ljR5RcBkYhzA35%2uSLgLLq58Z%Ovpkd",
            "content_base64": null,
            "content_base64sha256": "ZWDyiBJ+Z3GfxJ4I9XxyoYJ9Slc1GSs6EXHW7QOekVg=",
            "content_base64sha512": "CYHVgfpU+zMOSbVmvWwJjFeKobUqXKTk31m8PS3Rwvd0ml6plKe/d3IyXiDO6gegJyB7UcB3XWw5sZKwXZAt3g==",
            "content_md5": "29c497675da2638927d76967d1ef5484",
            "content_sha1": "d4732b4cd91be5a752db73a2898bab50addd7aec",
            "content_sha256": "6560f288127e67719fc49e08f57c72a1827d4a5735192b3a1171d6ed039e9158",
            "content_sha512": "0981d581fa54fb330e49b566bd6c098c578aa1b52a5ca4e4df59bc3d2dd1c2f7749a5ea994a7bf7772325e20ceea07a027207b51c0775d6c39b192b05d902dde",
            "directory_permission": "0777",
            "file_permission": "0777",
            "filename": "windows_key.txt",
            "id": "d4732b4cd91be5a752db73a2898bab50addd7aec",
            "sensitive_content": null,
            "source": null
          },
          "sensitive_attributes": [
            [
              {
                "type": "get_attr",
                "value": "content"
              }
            ]
          ],
          "dependencies": [
            "aws_instance.my-Terraform-ec2-windows",
            "aws_security_group.ec2-windows-SG",
            "aws_ssm_parameter.my-Terraform-ec2-windows-ssm",
            "data.aws_ami.windows-2019",
            "data.http.my_public_ip",
            "module.vpc.aws_subnet.public",
            "module.vpc.aws_vpc.this",
            "module.vpc.aws_vpc_ipv4_cidr_block_association.this",
            "tls_private_key.rsa"
          ]
        }
      ]
    },
    {
      "mode": "managed",
      "type": "tls_private_key",
      "name": "rsa",
      "provider": "provider[\"registry.terraform.io/hashicorp/tls\"]",
      "instances": [
        {
          "schema_version": 1,
          "attributes": {
            "algorithm": "RSA",
            "ecdsa_curve": "P224",
            "id": "d38e32b1420c1062f10880d064cba7ad6ea0e3cf",
            "private_key_openssh": "-----BEGIN OPENSSH PRIVATE KEY-----\nb3BlbnNzaC1rZXktdjEAAAAABG5vbmUAAAAEbm9uZQAAAAAAAAABAAACFwAAAAdz\nc2gtcnNhAAAAAwEAAQAAAgEAyUipNJB/V/M2vz8+WZkpcmbXWy0W/49jaAwKnjg9\njZKApDQeSioSTIbOFbeo4uCGkzNJSgK2MtX0I1ar7nTx8zq3I7+mpHsElJ9MNrx4\n5diAK0WT/8b3beS+uHri09gasKkgozhh5RQyuQLtyN6rytNBW8IArJPCzXfqC/I3\n2y+j6oQ+y2381yUEDC1gYIPSg2uYq4ERPsoS8tsuMAQ32mzoA2emGMbNVo9X3WCV\nlMaJ3V/n70A3atEfD7gsXaYjvqEPwOPJdxW7kU9nlrhsPMhS5UiywOdfeExo2WLx\n1cW4Bf18MWMnzP7TAkmJ2YYNq28cYzGQ4CiIhwkGAmhgj7SXeZb1i4p+xLgTFTmO\nHFqTEntnqLlA5PDBPHvwErlNIZmYupf05l7eEqehtrwzi0oOBFOzvCYP2xHd7Mj0\nECm1jriqPkJMV2Y8rc5eqKTrnDlNpMEzTQnaLU6z28YBt4Gg5ZGQZ8QcB9oeQyil\nb4L+BqL+3qpSuZMIqzEhWC3tKLVgSPRoYI5Tx7UVnTcHodb1KURATpd+hnqYr83A\nxaEJAaib4/lRkUDOMJqP/22CQKsNvrNtlcsqu3wQicN1gBGXnk/Ym2HUUtK7lXCU\nNKSr+IoJ6VE4u38PSevXRbV/fsVPkIyb6Htes+RNHYBsLnSOSn89MeNQOt53hGqn\nqd0AAAc4augY2mroGNoAAAAHc3NoLXJzYQAAAgEAyUipNJB/V/M2vz8+WZkpcmbX\nWy0W/49jaAwKnjg9jZKApDQeSioSTIbOFbeo4uCGkzNJSgK2MtX0I1ar7nTx8zq3\nI7+mpHsElJ9MNrx45diAK0WT/8b3beS+uHri09gasKkgozhh5RQyuQLtyN6rytNB\nW8IArJPCzXfqC/I32y+j6oQ+y2381yUEDC1gYIPSg2uYq4ERPsoS8tsuMAQ32mzo\nA2emGMbNVo9X3WCVlMaJ3V/n70A3atEfD7gsXaYjvqEPwOPJdxW7kU9nlrhsPMhS\n5UiywOdfeExo2WLx1cW4Bf18MWMnzP7TAkmJ2YYNq28cYzGQ4CiIhwkGAmhgj7SX\neZb1i4p+xLgTFTmOHFqTEntnqLlA5PDBPHvwErlNIZmYupf05l7eEqehtrwzi0oO\nBFOzvCYP2xHd7Mj0ECm1jriqPkJMV2Y8rc5eqKTrnDlNpMEzTQnaLU6z28YBt4Gg\n5ZGQZ8QcB9oeQyilb4L+BqL+3qpSuZMIqzEhWC3tKLVgSPRoYI5Tx7UVnTcHodb1\nKURATpd+hnqYr83AxaEJAaib4/lRkUDOMJqP/22CQKsNvrNtlcsqu3wQicN1gBGX\nnk/Ym2HUUtK7lXCUNKSr+IoJ6VE4u38PSevXRbV/fsVPkIyb6Htes+RNHYBsLnSO\nSn89MeNQOt53hGqnqd0AAAADAQABAAACAEgflBm0qRyfln9irvm16ucGOKZ/+pyq\nCWmP3wIgjtW6qAOudSgH+TSYnSGlBIv+/dmi5+DwJc8DYQ6EkOjJ2KRZ5qOVmaWY\nOuTyS4HVeNCLCin3LXfaGHC1JS2/QqW76pxgjcROgK1v1lj61q9CMnZjyiiR1GIC\nNCwhiqirKx6L7IUsy79i8tU4e0HNxJnwwi67ECJsBfzktXN13A/ygvzuRxhpPFfm\nbE9W35oAcLi1h1LeeaH99Z19v06HpMYNsQMufRGVzWuxSttfg3O7M3V4JlPn/70l\nas0VPACg9pyt0ym6UZT0vZ8zs/I+3XknEqDaGGbmrM3VWE5iile0hNx2KCa+i4dE\nr75jnUz2cntaSJqH3n7j86Fge++OFEr+HIAiGpkPJRG0OnJicyQ+6lqtILIpxeb7\nLxXpUe8QZIYW3rNPH+iAkXHLcppzjvQ4zdEyIHk+s4f1mURVIs2Viy7raTfWnfHA\nxPR2dcC/WxkcMiuNe33WgBkr68ebFeMLFGRv544grxeLVWnMFCyfgdbz8IAmxwvv\nJ0YVUkwzNMKr02UgQeEjxiCmGhHKl/XYoVPR51aIKewIed3EccB8xPE8Ax80dG8e\nr2auXbE+wI++Ziq0B8uahgPP07F7sYWZEaffISpyJYz1kI2hrBb67a9IGi/7Rz9x\neMDXFYpyfejBAAABAEWPyjmhSHA8xrYZpLkWSoTVZoHYYLNknNAin+6Df/KQzabt\n86Cj0VcI8vQhNZRcEMUFMWxoqcfiQhfXCy3ZgOqD3XqdzNRikpzcLV+h8batOed7\nE3QpIHSqzFjLYsPylGkV4kCldeyZHShRmLvIhuQs5j4NU3xpO1vLngQlHvufg8o+\nJqKzi5cseFW+WBYBWslTrUU45KKBSz1gM7Eyy65vFgOpQzAcZESDnfeBgTSrCzEI\nlAtrnmwR7sifMqjQaaX/d7jcfvjEihJTBwiR6ER504z3AhtZSErrpRcEL3rYKHNF\nCex9UnRwNdrmqjAHGZ8DHUvQ+Whh3vcpnD/YtdMAAAEBANJdfTE99JzTOUZzFz8t\nGonpJ1Ow8iP+bhnMBehSahLwxdS4PdEF23lyQB7p0HcN9arb8ghtaiqDdg7glbLF\nr9WTo38ar8iZLAGrVNRkaONvATQBFcAs+5Iur2ok834s8Zsk0TN+cHLzfRsVRrDC\nrNAnxuSB06DzcmVqP3a5tUvyCOceiedbS/JNap2Unruevh4i9EUprPMDVsEXzy7Q\nFyxuz3WZHq3tmFhZ9tnn9rGO9ERC2Z/PWfuen3UNWV/G8yovB/2snSD16C9TrHyT\nlyZ2HlMxjQvKAKKGP5cULlc7gmR5k/M/Xd4yqzg9c9l4+mrzDqDRq1wqwcVHfXez\n3bEAAAEBAPTy2ALsvIZ8u5pQER+zaeqFyDi4Q4umVE1ulxDPdMEYxwLuYpKa6tTk\nkljdrTBwNa7xt3q6bIbecDEz6K799RuqPX1PrYSGkUeLKuIWghVMDN2fBkDuhiGW\n0sGxmVbKYP1SY7Xcw0ErRpXj9mJTBOZz1T19kBm2161q7WGVvMCbUPJJT8QNX1Lg\nUOM+DRq9tYjh3E9HF3xOkGG7NKexysKicvU+Kyw99ELwhpRB3EV7Wu5DiXoLLl1m\nFRc02JrT7n6kJpA6JeEJ9s0tJ7VPWfKeGjQzmV7kRvVaP2rOC0s3xt147NqYm4rw\naVKHuYkSmOlVM6IT5C+PwmFMAWkkfe0AAAAAAQID\n-----END OPENSSH PRIVATE KEY-----\n",
            "private_key_pem": "-----BEGIN RSA PRIVATE KEY-----\nMIIJKAIBAAKCAgEAyUipNJB/V/M2vz8+WZkpcmbXWy0W/49jaAwKnjg9jZKApDQe\nSioSTIbOFbeo4uCGkzNJSgK2MtX0I1ar7nTx8zq3I7+mpHsElJ9MNrx45diAK0WT\n/8b3beS+uHri09gasKkgozhh5RQyuQLtyN6rytNBW8IArJPCzXfqC/I32y+j6oQ+\ny2381yUEDC1gYIPSg2uYq4ERPsoS8tsuMAQ32mzoA2emGMbNVo9X3WCVlMaJ3V/n\n70A3atEfD7gsXaYjvqEPwOPJdxW7kU9nlrhsPMhS5UiywOdfeExo2WLx1cW4Bf18\nMWMnzP7TAkmJ2YYNq28cYzGQ4CiIhwkGAmhgj7SXeZb1i4p+xLgTFTmOHFqTEntn\nqLlA5PDBPHvwErlNIZmYupf05l7eEqehtrwzi0oOBFOzvCYP2xHd7Mj0ECm1jriq\nPkJMV2Y8rc5eqKTrnDlNpMEzTQnaLU6z28YBt4Gg5ZGQZ8QcB9oeQyilb4L+BqL+\n3qpSuZMIqzEhWC3tKLVgSPRoYI5Tx7UVnTcHodb1KURATpd+hnqYr83AxaEJAaib\n4/lRkUDOMJqP/22CQKsNvrNtlcsqu3wQicN1gBGXnk/Ym2HUUtK7lXCUNKSr+IoJ\n6VE4u38PSevXRbV/fsVPkIyb6Htes+RNHYBsLnSOSn89MeNQOt53hGqnqd0CAwEA\nAQKCAgBIH5QZtKkcn5Z/Yq75ternBjimf/qcqglpj98CII7VuqgDrnUoB/k0mJ0h\npQSL/v3Zoufg8CXPA2EOhJDoydikWeajlZmlmDrk8kuB1XjQiwop9y132hhwtSUt\nv0Klu+qcYI3EToCtb9ZY+tavQjJ2Y8ookdRiAjQsIYqoqysei+yFLMu/YvLVOHtB\nzcSZ8MIuuxAibAX85LVzddwP8oL87kcYaTxX5mxPVt+aAHC4tYdS3nmh/fWdfb9O\nh6TGDbEDLn0Rlc1rsUrbX4NzuzN1eCZT5/+9JWrNFTwAoPacrdMpulGU9L2fM7Py\nPt15JxKg2hhm5qzN1VhOYopXtITcdigmvouHRK++Y51M9nJ7Wkiah95+4/OhYHvv\njhRK/hyAIhqZDyURtDpyYnMkPuparSCyKcXm+y8V6VHvEGSGFt6zTx/ogJFxy3Ka\nc470OM3RMiB5PrOH9ZlEVSLNlYsu62k31p3xwMT0dnXAv1sZHDIrjXt91oAZK+vH\nmxXjCxRkb+eOIK8Xi1VpzBQsn4HW8/CAJscL7ydGFVJMMzTCq9NlIEHhI8YgphoR\nypf12KFT0edWiCnsCHndxHHAfMTxPAMfNHRvHq9mrl2xPsCPvmYqtAfLmoYDz9Ox\ne7GFmRGn3yEqciWM9ZCNoawW+u2vSBov+0c/cXjA1xWKcn3owQKCAQEA0l19MT30\nnNM5RnMXPy0aieknU7DyI/5uGcwF6FJqEvDF1Lg90QXbeXJAHunQdw31qtvyCG1q\nKoN2DuCVssWv1ZOjfxqvyJksAatU1GRo428BNAEVwCz7ki6vaiTzfizxmyTRM35w\ncvN9GxVGsMKs0CfG5IHToPNyZWo/drm1S/II5x6J51tL8k1qnZSeu56+HiL0RSms\n8wNWwRfPLtAXLG7PdZkere2YWFn22ef2sY70RELZn89Z+56fdQ1ZX8bzKi8H/ayd\nIPXoL1OsfJOXJnYeUzGNC8oAooY/lxQuVzuCZHmT8z9d3jKrOD1z2Xj6avMOoNGr\nXCrBxUd9d7PdsQKCAQEA9PLYAuy8hny7mlARH7Np6oXIOLhDi6ZUTW6XEM90wRjH\nAu5ikprq1OSSWN2tMHA1rvG3erpsht5wMTPorv31G6o9fU+thIaRR4sq4haCFUwM\n3Z8GQO6GIZbSwbGZVspg/VJjtdzDQStGleP2YlME5nPVPX2QGbbXrWrtYZW8wJtQ\n8klPxA1fUuBQ4z4NGr21iOHcT0cXfE6QYbs0p7HKwqJy9T4rLD30QvCGlEHcRXta\n7kOJegsuXWYVFzTYmtPufqQmkDol4Qn2zS0ntU9Z8p4aNDOZXuRG9Vo/as4LSzfG\n3Xjs2pibivBpUoe5iRKY6VUzohPkL4/CYUwBaSR97QKCAQBKPoiiynT8rGe4f4Ii\n3+5P4iPpG7g6D+AX5rPnDL83NBb+PpBCp0iQkkwjHO5gNmMQDFRduRARNRiDo6vx\nzmeCf3riry5/I+AuLqPf2hhSvKi2C/P7QWUAcM2kLqppS79xvArBm8xgJaNv3ZB3\nbh3D0WYW2+MvGPy04kzHwD9GMIQH3fVZ3BTvzXblasCjAyGiTT/c8RqDIhiKSbbr\nlLG5EtrRbFsxk3uDIy1GNuIQRJ3dQaLBDlN5xMAOdcmnTfYgWzz8wOEr8t4hZeyo\ngwaDooiNYB2hnYef1LW4wnygePZKM8aNwT2F4Gghjz7F8DahbGsrQxSxkL2WvOaB\nSs/hAoIBAQCQwIXozI/ohgOzgIduDW+VGTQmWLYJ6+Q70hPR6lcb2ZGZ6Ng1vPjz\nkJPvkijLzDPdS5jbHRoPZZo1aXCjIQ7dJ3CpAhIPlBp8hgB0lUqQXV3pBhYC/zIi\n3Wd08YglYvmIGk00Zt64P2O6JnouxtLJgUBN00r59zRjliHsHjnqNJ7UX4CU4jYn\n2snSUJQb7mo+FwNDkkaNvjvSlXfbddTVynxW80M+JOqZOFy/dmA+a1RkI2M1zS+8\nIBxsl109uephyo3Dg6lo4KOJwpqJqfgEyWvA15FWI17PlWKOsm64J6EMtm56C983\nbzU+gViiaWwVz7TwngKmHLWJHAplYRxNAoIBAEWPyjmhSHA8xrYZpLkWSoTVZoHY\nYLNknNAin+6Df/KQzabt86Cj0VcI8vQhNZRcEMUFMWxoqcfiQhfXCy3ZgOqD3Xqd\nzNRikpzcLV+h8batOed7E3QpIHSqzFjLYsPylGkV4kCldeyZHShRmLvIhuQs5j4N\nU3xpO1vLngQlHvufg8o+JqKzi5cseFW+WBYBWslTrUU45KKBSz1gM7Eyy65vFgOp\nQzAcZESDnfeBgTSrCzEIlAtrnmwR7sifMqjQaaX/d7jcfvjEihJTBwiR6ER504z3\nAhtZSErrpRcEL3rYKHNFCex9UnRwNdrmqjAHGZ8DHUvQ+Whh3vcpnD/YtdM=\n-----END RSA PRIVATE KEY-----\n",
            "private_key_pem_pkcs8": "-----BEGIN PRIVATE KEY-----\nMIIJQgIBADANBgkqhkiG9w0BAQEFAASCCSwwggkoAgEAAoICAQDJSKk0kH9X8za/\nPz5ZmSlyZtdbLRb/j2NoDAqeOD2NkoCkNB5KKhJMhs4Vt6ji4IaTM0lKArYy1fQj\nVqvudPHzOrcjv6akewSUn0w2vHjl2IArRZP/xvdt5L64euLT2BqwqSCjOGHlFDK5\nAu3I3qvK00FbwgCsk8LNd+oL8jfbL6PqhD7LbfzXJQQMLWBgg9KDa5irgRE+yhLy\n2y4wBDfabOgDZ6YYxs1Wj1fdYJWUxondX+fvQDdq0R8PuCxdpiO+oQ/A48l3FbuR\nT2eWuGw8yFLlSLLA5194TGjZYvHVxbgF/XwxYyfM/tMCSYnZhg2rbxxjMZDgKIiH\nCQYCaGCPtJd5lvWLin7EuBMVOY4cWpMSe2eouUDk8ME8e/ASuU0hmZi6l/TmXt4S\np6G2vDOLSg4EU7O8Jg/bEd3syPQQKbWOuKo+QkxXZjytzl6opOucOU2kwTNNCdot\nTrPbxgG3gaDlkZBnxBwH2h5DKKVvgv4Gov7eqlK5kwirMSFYLe0otWBI9GhgjlPH\ntRWdNweh1vUpREBOl36GepivzcDFoQkBqJvj+VGRQM4wmo//bYJAqw2+s22Vyyq7\nfBCJw3WAEZeeT9ibYdRS0ruVcJQ0pKv4ignpUTi7fw9J69dFtX9+xU+QjJvoe16z\n5E0dgGwudI5Kfz0x41A63neEaqep3QIDAQABAoICAEgflBm0qRyfln9irvm16ucG\nOKZ/+pyqCWmP3wIgjtW6qAOudSgH+TSYnSGlBIv+/dmi5+DwJc8DYQ6EkOjJ2KRZ\n5qOVmaWYOuTyS4HVeNCLCin3LXfaGHC1JS2/QqW76pxgjcROgK1v1lj61q9CMnZj\nyiiR1GICNCwhiqirKx6L7IUsy79i8tU4e0HNxJnwwi67ECJsBfzktXN13A/ygvzu\nRxhpPFfmbE9W35oAcLi1h1LeeaH99Z19v06HpMYNsQMufRGVzWuxSttfg3O7M3V4\nJlPn/70las0VPACg9pyt0ym6UZT0vZ8zs/I+3XknEqDaGGbmrM3VWE5iile0hNx2\nKCa+i4dEr75jnUz2cntaSJqH3n7j86Fge++OFEr+HIAiGpkPJRG0OnJicyQ+6lqt\nILIpxeb7LxXpUe8QZIYW3rNPH+iAkXHLcppzjvQ4zdEyIHk+s4f1mURVIs2Viy7r\naTfWnfHAxPR2dcC/WxkcMiuNe33WgBkr68ebFeMLFGRv544grxeLVWnMFCyfgdbz\n8IAmxwvvJ0YVUkwzNMKr02UgQeEjxiCmGhHKl/XYoVPR51aIKewIed3EccB8xPE8\nAx80dG8er2auXbE+wI++Ziq0B8uahgPP07F7sYWZEaffISpyJYz1kI2hrBb67a9I\nGi/7Rz9xeMDXFYpyfejBAoIBAQDSXX0xPfSc0zlGcxc/LRqJ6SdTsPIj/m4ZzAXo\nUmoS8MXUuD3RBdt5ckAe6dB3DfWq2/IIbWoqg3YO4JWyxa/Vk6N/Gq/ImSwBq1TU\nZGjjbwE0ARXALPuSLq9qJPN+LPGbJNEzfnBy830bFUawwqzQJ8bkgdOg83Jlaj92\nubVL8gjnHonnW0vyTWqdlJ67nr4eIvRFKazzA1bBF88u0Bcsbs91mR6t7ZhYWfbZ\n5/axjvREQtmfz1n7np91DVlfxvMqLwf9rJ0g9egvU6x8k5cmdh5TMY0LygCihj+X\nFC5XO4JkeZPzP13eMqs4PXPZePpq8w6g0atcKsHFR313s92xAoIBAQD08tgC7LyG\nfLuaUBEfs2nqhcg4uEOLplRNbpcQz3TBGMcC7mKSmurU5JJY3a0wcDWu8bd6umyG\n3nAxM+iu/fUbqj19T62EhpFHiyriFoIVTAzdnwZA7oYhltLBsZlWymD9UmO13MNB\nK0aV4/ZiUwTmc9U9fZAZttetau1hlbzAm1DySU/EDV9S4FDjPg0avbWI4dxPRxd8\nTpBhuzSnscrConL1PissPfRC8IaUQdxFe1ruQ4l6Cy5dZhUXNNia0+5+pCaQOiXh\nCfbNLSe1T1nynho0M5le5Eb1Wj9qzgtLN8bdeOzamJuK8GlSh7mJEpjpVTOiE+Qv\nj8JhTAFpJH3tAoIBAEo+iKLKdPysZ7h/giLf7k/iI+kbuDoP4Bfms+cMvzc0Fv4+\nkEKnSJCSTCMc7mA2YxAMVF25EBE1GIOjq/HOZ4J/euKvLn8j4C4uo9/aGFK8qLYL\n8/tBZQBwzaQuqmlLv3G8CsGbzGAlo2/dkHduHcPRZhbb4y8Y/LTiTMfAP0YwhAfd\n9VncFO/NduVqwKMDIaJNP9zxGoMiGIpJtuuUsbkS2tFsWzGTe4MjLUY24hBEnd1B\nosEOU3nEwA51yadN9iBbPPzA4Svy3iFl7KiDBoOiiI1gHaGdh5/UtbjCfKB49koz\nxo3BPYXgaCGPPsXwNqFsaytDFLGQvZa85oFKz+ECggEBAJDAhejMj+iGA7OAh24N\nb5UZNCZYtgnr5DvSE9HqVxvZkZno2DW8+POQk++SKMvMM91LmNsdGg9lmjVpcKMh\nDt0ncKkCEg+UGnyGAHSVSpBdXekGFgL/MiLdZ3TxiCVi+YgaTTRm3rg/Y7omei7G\n0smBQE3TSvn3NGOWIeweOeo0ntRfgJTiNifaydJQlBvuaj4XA0OSRo2+O9KVd9t1\n1NXKfFbzQz4k6pk4XL92YD5rVGQjYzXNL7wgHGyXXT256mHKjcODqWjgo4nCmomp\n+ATJa8DXkVYjXs+VYo6ybrgnoQy2bnoL3zdvNT6BWKJpbBXPtPCeAqYctYkcCmVh\nHE0CggEARY/KOaFIcDzGthmkuRZKhNVmgdhgs2Sc0CKf7oN/8pDNpu3zoKPRVwjy\n9CE1lFwQxQUxbGipx+JCF9cLLdmA6oPdep3M1GKSnNwtX6Hxtq0553sTdCkgdKrM\nWMtiw/KUaRXiQKV17JkdKFGYu8iG5CzmPg1TfGk7W8ueBCUe+5+Dyj4morOLlyx4\nVb5YFgFayVOtRTjkooFLPWAzsTLLrm8WA6lDMBxkRIOd94GBNKsLMQiUC2uebBHu\nyJ8yqNBppf93uNx++MSKElMHCJHoRHnTjPcCG1lISuulFwQvetgoc0UJ7H1SdHA1\n2uaqMAcZnwMdS9D5aGHe9ymcP9i10w==\n-----END PRIVATE KEY-----\n",
            "public_key_fingerprint_md5": "64:b0:9e:82:0b:ae:df:cd:98:e3:6d:12:73:04:eb:a1",
            "public_key_fingerprint_sha256": "SHA256:wkeMEaoIaYuLG6TpzqGXgOWCZRtJPM7PLp8Ad+uiaw8",
            "public_key_openssh": "ssh-rsa AAAAB3NzaC1yc2EAAAADAQABAAACAQDJSKk0kH9X8za/Pz5ZmSlyZtdbLRb/j2NoDAqeOD2NkoCkNB5KKhJMhs4Vt6ji4IaTM0lKArYy1fQjVqvudPHzOrcjv6akewSUn0w2vHjl2IArRZP/xvdt5L64euLT2BqwqSCjOGHlFDK5Au3I3qvK00FbwgCsk8LNd+oL8jfbL6PqhD7LbfzXJQQMLWBgg9KDa5irgRE+yhLy2y4wBDfabOgDZ6YYxs1Wj1fdYJWUxondX+fvQDdq0R8PuCxdpiO+oQ/A48l3FbuRT2eWuGw8yFLlSLLA5194TGjZYvHVxbgF/XwxYyfM/tMCSYnZhg2rbxxjMZDgKIiHCQYCaGCPtJd5lvWLin7EuBMVOY4cWpMSe2eouUDk8ME8e/ASuU0hmZi6l/TmXt4Sp6G2vDOLSg4EU7O8Jg/bEd3syPQQKbWOuKo+QkxXZjytzl6opOucOU2kwTNNCdotTrPbxgG3gaDlkZBnxBwH2h5DKKVvgv4Gov7eqlK5kwirMSFYLe0otWBI9GhgjlPHtRWdNweh1vUpREBOl36GepivzcDFoQkBqJvj+VGRQM4wmo//bYJAqw2+s22Vyyq7fBCJw3WAEZeeT9ibYdRS0ruVcJQ0pKv4ignpUTi7fw9J69dFtX9+xU+QjJvoe16z5E0dgGwudI5Kfz0x41A63neEaqep3Q==\n",
            "public_key_pem": "-----BEGIN PUBLIC KEY-----\nMIICIjANBgkqhkiG9w0BAQEFAAOCAg8AMIICCgKCAgEAyUipNJB/V/M2vz8+WZkp\ncmbXWy0W/49jaAwKnjg9jZKApDQeSioSTIbOFbeo4uCGkzNJSgK2MtX0I1ar7nTx\n8zq3I7+mpHsElJ9MNrx45diAK0WT/8b3beS+uHri09gasKkgozhh5RQyuQLtyN6r\nytNBW8IArJPCzXfqC/I32y+j6oQ+y2381yUEDC1gYIPSg2uYq4ERPsoS8tsuMAQ3\n2mzoA2emGMbNVo9X3WCVlMaJ3V/n70A3atEfD7gsXaYjvqEPwOPJdxW7kU9nlrhs\nPMhS5UiywOdfeExo2WLx1cW4Bf18MWMnzP7TAkmJ2YYNq28cYzGQ4CiIhwkGAmhg\nj7SXeZb1i4p+xLgTFTmOHFqTEntnqLlA5PDBPHvwErlNIZmYupf05l7eEqehtrwz\ni0oOBFOzvCYP2xHd7Mj0ECm1jriqPkJMV2Y8rc5eqKTrnDlNpMEzTQnaLU6z28YB\nt4Gg5ZGQZ8QcB9oeQyilb4L+BqL+3qpSuZMIqzEhWC3tKLVgSPRoYI5Tx7UVnTcH\nodb1KURATpd+hnqYr83AxaEJAaib4/lRkUDOMJqP/22CQKsNvrNtlcsqu3wQicN1\ngBGXnk/Ym2HUUtK7lXCUNKSr+IoJ6VE4u38PSevXRbV/fsVPkIyb6Htes+RNHYBs\nLnSOSn89MeNQOt53hGqnqd0CAwEAAQ==\n-----END PUBLIC KEY-----\n",
            "rsa_bits": 4096
          },
          "sensitive_attributes": []
        }
      ]
    },
    {
      "module": "module.vpc",
      "mode": "managed",
      "type": "aws_default_network_acl",
      "name": "this",
      "provider": "provider[\"registry.terraform.io/hashicorp/aws\"]",
      "instances": [
        {
          "index_key": 0,
          "schema_version": 0,
          "attributes": {
            "arn": "arn:aws:ec2:us-east-1:891377328816:network-acl/acl-088591bafea581a77",
            "default_network_acl_id": "acl-088591bafea581a77",
            "egress": [
              {
                "action": "allow",
                "cidr_block": "",
                "from_port": 0,
                "icmp_code": null,
                "icmp_type": null,
                "ipv6_cidr_block": "::/0",
                "protocol": "-1",
                "rule_no": 101,
                "to_port": 0
              },
              {
                "action": "allow",
                "cidr_block": "0.0.0.0/0",
                "from_port": 0,
                "icmp_code": null,
                "icmp_type": null,
                "ipv6_cidr_block": "",
                "protocol": "-1",
                "rule_no": 100,
                "to_port": 0
              }
            ],
            "id": "acl-088591bafea581a77",
            "ingress": [
              {
                "action": "allow",
                "cidr_block": "",
                "from_port": 0,
                "icmp_code": null,
                "icmp_type": null,
                "ipv6_cidr_block": "::/0",
                "protocol": "-1",
                "rule_no": 101,
                "to_port": 0
              },
              {
                "action": "allow",
                "cidr_block": "0.0.0.0/0",
                "from_port": 0,
                "icmp_code": null,
                "icmp_type": null,
                "ipv6_cidr_block": "",
                "protocol": "-1",
                "rule_no": 100,
                "to_port": 0
              }
            ],
            "owner_id": "891377328816",
            "subnet_ids": [
              "subnet-0213422c868361404",
              "subnet-0457c5a6c6e3a379c",
              "subnet-0f21edb0824af4704",
              "subnet-0fb85540795a0c86f"
            ],
            "tags": {
              "Name": "project-Terraform-windows-vpc-default"
            },
            "tags_all": {
              "Name": "project-Terraform-windows-vpc-default"
            },
            "vpc_id": "vpc-0ca34cb5e035228b2"
          },
          "sensitive_attributes": [],
          "private": "bnVsbA==",
          "dependencies": [
            "module.vpc.aws_vpc.this"
          ]
        }
      ]
    },
    {
      "module": "module.vpc",
      "mode": "managed",
      "type": "aws_default_route_table",
      "name": "default",
      "provider": "provider[\"registry.terraform.io/hashicorp/aws\"]",
      "instances": [
        {
          "index_key": 0,
          "schema_version": 0,
          "attributes": {
            "arn": "arn:aws:ec2:us-east-1:891377328816:route-table/rtb-0f83c49a0a5634187",
            "default_route_table_id": "rtb-0f83c49a0a5634187",
            "id": "rtb-0f83c49a0a5634187",
            "owner_id": "891377328816",
            "propagating_vgws": null,
            "route": [],
            "tags": {
              "Name": "project-Terraform-windows-vpc-default"
            },
            "tags_all": {
              "Name": "project-Terraform-windows-vpc-default"
            },
            "timeouts": {
              "create": "5m",
              "update": "5m"
            },
            "vpc_id": "vpc-0ca34cb5e035228b2"
          },
          "sensitive_attributes": [],
          "private": "eyJlMmJmYjczMC1lY2FhLTExZTYtOGY4OC0zNDM2M2JjN2M0YzAiOnsiY3JlYXRlIjozMDAwMDAwMDAwMDAsInVwZGF0ZSI6MzAwMDAwMDAwMDAwfX0=",
          "dependencies": [
            "module.vpc.aws_vpc.this"
          ]
        }
      ]
    },
    {
      "module": "module.vpc",
      "mode": "managed",
      "type": "aws_default_security_group",
      "name": "this",
      "provider": "provider[\"registry.terraform.io/hashicorp/aws\"]",
      "instances": [
        {
          "index_key": 0,
          "schema_version": 1,
          "attributes": {
            "arn": "arn:aws:ec2:us-east-1:891377328816:security-group/sg-0c538af865e6b0a8f",
            "description": "default VPC security group",
            "egress": [],
            "id": "sg-0c538af865e6b0a8f",
            "ingress": [],
            "name": "default",
            "name_prefix": "",
            "owner_id": "891377328816",
            "revoke_rules_on_delete": false,
            "tags": {
              "Name": "project-Terraform-windows-vpc-default"
            },
            "tags_all": {
              "Name": "project-Terraform-windows-vpc-default"
            },
            "vpc_id": "vpc-0ca34cb5e035228b2"
          },
          "sensitive_attributes": [],
          "private": "eyJzY2hlbWFfdmVyc2lvbiI6IjEifQ==",
          "dependencies": [
            "module.vpc.aws_vpc.this"
          ]
        }
      ]
    },
    {
      "module": "module.vpc",
      "mode": "managed",
      "type": "aws_eip",
      "name": "nat",
      "provider": "provider[\"registry.terraform.io/hashicorp/aws\"]",
      "instances": [
        {
          "index_key": 0,
          "schema_version": 0,
          "attributes": {
            "address": null,
            "allocation_id": "eipalloc-0c1279b9f811ecdfe",
            "arn": "arn:aws:ec2:us-east-1:891377328816:elastic-ip/eipalloc-0c1279b9f811ecdfe",
            "associate_with_private_ip": null,
            "association_id": "",
            "carrier_ip": "",
            "customer_owned_ip": "",
            "customer_owned_ipv4_pool": "",
            "domain": "vpc",
            "id": "eipalloc-0c1279b9f811ecdfe",
            "instance": "",
            "ipam_pool_id": null,
            "network_border_group": "us-east-1",
            "network_interface": "",
            "private_dns": null,
            "private_ip": "",
            "ptr_record": "",
            "public_dns": "ec2-52-55-215-68.compute-1.amazonaws.com",
            "public_ip": "52.55.215.68",
            "public_ipv4_pool": "amazon",
            "tags": {
              "Name": "project-Terraform-windows-vpc-us-east-1a"
            },
            "tags_all": {
              "Name": "project-Terraform-windows-vpc-us-east-1a"
            },
            "timeouts": null,
            "vpc": true
          },
          "sensitive_attributes": [],
          "private": "eyJlMmJmYjczMC1lY2FhLTExZTYtOGY4OC0zNDM2M2JjN2M0YzAiOnsiZGVsZXRlIjoxODAwMDAwMDAwMDAsInJlYWQiOjkwMDAwMDAwMDAwMCwidXBkYXRlIjozMDAwMDAwMDAwMDB9fQ==",
          "dependencies": [
            "module.vpc.aws_internet_gateway.this",
            "module.vpc.aws_vpc.this",
            "module.vpc.aws_vpc_ipv4_cidr_block_association.this"
          ]
        }
      ]
    },
    {
      "module": "module.vpc",
      "mode": "managed",
      "type": "aws_internet_gateway",
      "name": "this",
      "provider": "provider[\"registry.terraform.io/hashicorp/aws\"]",
      "instances": [
        {
          "index_key": 0,
          "schema_version": 0,
          "attributes": {
            "arn": "arn:aws:ec2:us-east-1:891377328816:internet-gateway/igw-0fbdac54c92d858a2",
            "id": "igw-0fbdac54c92d858a2",
            "owner_id": "891377328816",
            "tags": {
              "Name": "project-Terraform-windows-vpc"
            },
            "tags_all": {
              "Name": "project-Terraform-windows-vpc"
            },
            "timeouts": null,
            "vpc_id": "vpc-0ca34cb5e035228b2"
          },
          "sensitive_attributes": [],
          "private": "eyJlMmJmYjczMC1lY2FhLTExZTYtOGY4OC0zNDM2M2JjN2M0YzAiOnsiY3JlYXRlIjoxMjAwMDAwMDAwMDAwLCJkZWxldGUiOjEyMDAwMDAwMDAwMDAsInVwZGF0ZSI6MTIwMDAwMDAwMDAwMH19",
          "dependencies": [
            "module.vpc.aws_vpc.this",
            "module.vpc.aws_vpc_ipv4_cidr_block_association.this"
          ]
        }
      ]
    },
    {
      "module": "module.vpc",
      "mode": "managed",
      "type": "aws_nat_gateway",
      "name": "this",
      "provider": "provider[\"registry.terraform.io/hashicorp/aws\"]",
      "instances": [
        {
          "index_key": 0,
          "schema_version": 0,
          "attributes": {
            "allocation_id": "eipalloc-0c1279b9f811ecdfe",
            "association_id": "eipassoc-033427bf109eca803",
            "connectivity_type": "public",
            "id": "nat-09f8ab154e0fc4128",
            "network_interface_id": "eni-0cd9144cdc0aae44b",
            "private_ip": "10.0.71.40",
            "public_ip": "52.55.215.68",
            "secondary_allocation_ids": null,
            "secondary_private_ip_address_count": 0,
            "secondary_private_ip_addresses": [],
            "subnet_id": "subnet-0f21edb0824af4704",
            "tags": {
              "Name": "project-Terraform-windows-vpc-us-east-1a"
            },
            "tags_all": {
              "Name": "project-Terraform-windows-vpc-us-east-1a"
            },
            "timeouts": null
          },
          "sensitive_attributes": [],
          "private": "eyJlMmJmYjczMC1lY2FhLTExZTYtOGY4OC0zNDM2M2JjN2M0YzAiOnsiY3JlYXRlIjo2MDAwMDAwMDAwMDAsImRlbGV0ZSI6MTgwMDAwMDAwMDAwMCwidXBkYXRlIjo2MDAwMDAwMDAwMDB9fQ==",
          "dependencies": [
            "module.vpc.aws_eip.nat",
            "module.vpc.aws_internet_gateway.this",
            "module.vpc.aws_subnet.public",
            "module.vpc.aws_vpc.this",
            "module.vpc.aws_vpc_ipv4_cidr_block_association.this"
          ]
        }
      ]
    },
    {
      "module": "module.vpc",
      "mode": "managed",
      "type": "aws_route",
      "name": "private_nat_gateway",
      "provider": "provider[\"registry.terraform.io/hashicorp/aws\"]",
      "instances": [
        {
          "index_key": 0,
          "schema_version": 0,
          "attributes": {
            "carrier_gateway_id": "",
            "core_network_arn": "",
            "destination_cidr_block": "0.0.0.0/0",
            "destination_ipv6_cidr_block": "",
            "destination_prefix_list_id": "",
            "egress_only_gateway_id": "",
            "gateway_id": "",
            "id": "r-rtb-063b5f6225c64843a1080289494",
            "instance_id": "",
            "instance_owner_id": "",
            "local_gateway_id": "",
            "nat_gateway_id": "nat-09f8ab154e0fc4128",
            "network_interface_id": "",
            "origin": "CreateRoute",
            "route_table_id": "rtb-063b5f6225c64843a",
            "state": "active",
            "timeouts": {
              "create": "5m",
              "delete": null,
              "update": null
            },
            "transit_gateway_id": "",
            "vpc_endpoint_id": "",
            "vpc_peering_connection_id": ""
          },
          "sensitive_attributes": [],
          "private": "eyJlMmJmYjczMC1lY2FhLTExZTYtOGY4OC0zNDM2M2JjN2M0YzAiOnsiY3JlYXRlIjozMDAwMDAwMDAwMDAsImRlbGV0ZSI6MzAwMDAwMDAwMDAwLCJ1cGRhdGUiOjEyMDAwMDAwMDAwMH19",
          "dependencies": [
            "module.vpc.aws_eip.nat",
            "module.vpc.aws_internet_gateway.this",
            "module.vpc.aws_nat_gateway.this",
            "module.vpc.aws_route_table.private",
            "module.vpc.aws_subnet.public",
            "module.vpc.aws_vpc.this",
            "module.vpc.aws_vpc_ipv4_cidr_block_association.this"
          ]
        }
      ]
    },
    {
      "module": "module.vpc",
      "mode": "managed",
      "type": "aws_route",
      "name": "public_internet_gateway",
      "provider": "provider[\"registry.terraform.io/hashicorp/aws\"]",
      "instances": [
        {
          "index_key": 0,
          "schema_version": 0,
          "attributes": {
            "carrier_gateway_id": "",
            "core_network_arn": "",
            "destination_cidr_block": "0.0.0.0/0",
            "destination_ipv6_cidr_block": "",
            "destination_prefix_list_id": "",
            "egress_only_gateway_id": "",
            "gateway_id": "igw-0fbdac54c92d858a2",
            "id": "r-rtb-09f357dc8cffd65291080289494",
            "instance_id": "",
            "instance_owner_id": "",
            "local_gateway_id": "",
            "nat_gateway_id": "",
            "network_interface_id": "",
            "origin": "CreateRoute",
            "route_table_id": "rtb-09f357dc8cffd6529",
            "state": "active",
            "timeouts": {
              "create": "5m",
              "delete": null,
              "update": null
            },
            "transit_gateway_id": "",
            "vpc_endpoint_id": "",
            "vpc_peering_connection_id": ""
          },
          "sensitive_attributes": [],
          "private": "eyJlMmJmYjczMC1lY2FhLTExZTYtOGY4OC0zNDM2M2JjN2M0YzAiOnsiY3JlYXRlIjozMDAwMDAwMDAwMDAsImRlbGV0ZSI6MzAwMDAwMDAwMDAwLCJ1cGRhdGUiOjEyMDAwMDAwMDAwMH19",
          "dependencies": [
            "module.vpc.aws_internet_gateway.this",
            "module.vpc.aws_route_table.public",
            "module.vpc.aws_vpc.this",
            "module.vpc.aws_vpc_ipv4_cidr_block_association.this"
          ]
        }
      ]
    },
    {
      "module": "module.vpc",
      "mode": "managed",
      "type": "aws_route_table",
      "name": "private",
      "provider": "provider[\"registry.terraform.io/hashicorp/aws\"]",
      "instances": [
        {
          "index_key": 0,
          "schema_version": 0,
          "attributes": {
            "arn": "arn:aws:ec2:us-east-1:891377328816:route-table/rtb-063b5f6225c64843a",
            "id": "rtb-063b5f6225c64843a",
            "owner_id": "891377328816",
            "propagating_vgws": [],
            "route": [],
            "tags": {
              "Name": "project-Terraform-windows-vpc-private"
            },
            "tags_all": {
              "Name": "project-Terraform-windows-vpc-private"
            },
            "timeouts": null,
            "vpc_id": "vpc-0ca34cb5e035228b2"
          },
          "sensitive_attributes": [],
          "private": "eyJlMmJmYjczMC1lY2FhLTExZTYtOGY4OC0zNDM2M2JjN2M0YzAiOnsiY3JlYXRlIjozMDAwMDAwMDAwMDAsImRlbGV0ZSI6MzAwMDAwMDAwMDAwLCJ1cGRhdGUiOjEyMDAwMDAwMDAwMH19",
          "dependencies": [
            "module.vpc.aws_vpc.this",
            "module.vpc.aws_vpc_ipv4_cidr_block_association.this"
          ]
        }
      ]
    },
    {
      "module": "module.vpc",
      "mode": "managed",
      "type": "aws_route_table",
      "name": "public",
      "provider": "provider[\"registry.terraform.io/hashicorp/aws\"]",
      "instances": [
        {
          "index_key": 0,
          "schema_version": 0,
          "attributes": {
            "arn": "arn:aws:ec2:us-east-1:891377328816:route-table/rtb-09f357dc8cffd6529",
            "id": "rtb-09f357dc8cffd6529",
            "owner_id": "891377328816",
            "propagating_vgws": [],
            "route": [],
            "tags": {
              "Name": "project-Terraform-windows-vpc-public"
            },
            "tags_all": {
              "Name": "project-Terraform-windows-vpc-public"
            },
            "timeouts": null,
            "vpc_id": "vpc-0ca34cb5e035228b2"
          },
          "sensitive_attributes": [],
          "private": "eyJlMmJmYjczMC1lY2FhLTExZTYtOGY4OC0zNDM2M2JjN2M0YzAiOnsiY3JlYXRlIjozMDAwMDAwMDAwMDAsImRlbGV0ZSI6MzAwMDAwMDAwMDAwLCJ1cGRhdGUiOjEyMDAwMDAwMDAwMH19",
          "dependencies": [
            "module.vpc.aws_vpc.this",
            "module.vpc.aws_vpc_ipv4_cidr_block_association.this"
          ]
        }
      ]
    },
    {
      "module": "module.vpc",
      "mode": "managed",
      "type": "aws_route_table_association",
      "name": "private",
      "provider": "provider[\"registry.terraform.io/hashicorp/aws\"]",
      "instances": [
        {
          "index_key": 0,
          "schema_version": 0,
          "attributes": {
            "gateway_id": "",
            "id": "rtbassoc-0974072baeaa10b30",
            "route_table_id": "rtb-063b5f6225c64843a",
            "subnet_id": "subnet-0fb85540795a0c86f",
            "timeouts": null
          },
          "sensitive_attributes": [],
          "private": "eyJlMmJmYjczMC1lY2FhLTExZTYtOGY4OC0zNDM2M2JjN2M0YzAiOnsiY3JlYXRlIjozMDAwMDAwMDAwMDAsImRlbGV0ZSI6MzAwMDAwMDAwMDAwLCJ1cGRhdGUiOjEyMDAwMDAwMDAwMH19",
          "dependencies": [
            "module.vpc.aws_route_table.private",
            "module.vpc.aws_subnet.private",
            "module.vpc.aws_vpc.this",
            "module.vpc.aws_vpc_ipv4_cidr_block_association.this"
          ]
        },
        {
          "index_key": 1,
          "schema_version": 0,
          "attributes": {
            "gateway_id": "",
            "id": "rtbassoc-08bce6a803cd4c493",
            "route_table_id": "rtb-063b5f6225c64843a",
            "subnet_id": "subnet-0457c5a6c6e3a379c",
            "timeouts": null
          },
          "sensitive_attributes": [],
          "private": "eyJlMmJmYjczMC1lY2FhLTExZTYtOGY4OC0zNDM2M2JjN2M0YzAiOnsiY3JlYXRlIjozMDAwMDAwMDAwMDAsImRlbGV0ZSI6MzAwMDAwMDAwMDAwLCJ1cGRhdGUiOjEyMDAwMDAwMDAwMH19",
          "dependencies": [
            "module.vpc.aws_route_table.private",
            "module.vpc.aws_subnet.private",
            "module.vpc.aws_vpc.this",
            "module.vpc.aws_vpc_ipv4_cidr_block_association.this"
          ]
        }
      ]
    },
    {
      "module": "module.vpc",
      "mode": "managed",
      "type": "aws_route_table_association",
      "name": "public",
      "provider": "provider[\"registry.terraform.io/hashicorp/aws\"]",
      "instances": [
        {
          "index_key": 0,
          "schema_version": 0,
          "attributes": {
            "gateway_id": "",
            "id": "rtbassoc-0a2e053147b5d5c9a",
            "route_table_id": "rtb-09f357dc8cffd6529",
            "subnet_id": "subnet-0f21edb0824af4704",
            "timeouts": null
          },
          "sensitive_attributes": [],
          "private": "eyJlMmJmYjczMC1lY2FhLTExZTYtOGY4OC0zNDM2M2JjN2M0YzAiOnsiY3JlYXRlIjozMDAwMDAwMDAwMDAsImRlbGV0ZSI6MzAwMDAwMDAwMDAwLCJ1cGRhdGUiOjEyMDAwMDAwMDAwMH19",
          "dependencies": [
            "module.vpc.aws_route_table.public",
            "module.vpc.aws_subnet.public",
            "module.vpc.aws_vpc.this",
            "module.vpc.aws_vpc_ipv4_cidr_block_association.this"
          ]
        },
        {
          "index_key": 1,
          "schema_version": 0,
          "attributes": {
            "gateway_id": "",
            "id": "rtbassoc-04d421e1b288a05c8",
            "route_table_id": "rtb-09f357dc8cffd6529",
            "subnet_id": "subnet-0213422c868361404",
            "timeouts": null
          },
          "sensitive_attributes": [],
          "private": "eyJlMmJmYjczMC1lY2FhLTExZTYtOGY4OC0zNDM2M2JjN2M0YzAiOnsiY3JlYXRlIjozMDAwMDAwMDAwMDAsImRlbGV0ZSI6MzAwMDAwMDAwMDAwLCJ1cGRhdGUiOjEyMDAwMDAwMDAwMH19",
          "dependencies": [
            "module.vpc.aws_route_table.public",
            "module.vpc.aws_subnet.public",
            "module.vpc.aws_vpc.this",
            "module.vpc.aws_vpc_ipv4_cidr_block_association.this"
          ]
        }
      ]
    },
    {
      "module": "module.vpc",
      "mode": "managed",
      "type": "aws_subnet",
      "name": "private",
      "provider": "provider[\"registry.terraform.io/hashicorp/aws\"]",
      "instances": [
        {
          "index_key": 0,
          "schema_version": 1,
          "attributes": {
            "arn": "arn:aws:ec2:us-east-1:891377328816:subnet/subnet-0fb85540795a0c86f",
            "assign_ipv6_address_on_creation": false,
            "availability_zone": "us-east-1a",
            "availability_zone_id": "use1-az6",
            "cidr_block": "10.0.0.0/19",
            "customer_owned_ipv4_pool": "",
            "enable_dns64": false,
            "enable_lni_at_device_index": 0,
            "enable_resource_name_dns_a_record_on_launch": false,
            "enable_resource_name_dns_aaaa_record_on_launch": false,
            "id": "subnet-0fb85540795a0c86f",
            "ipv6_cidr_block": "",
            "ipv6_cidr_block_association_id": "",
            "ipv6_native": false,
            "map_customer_owned_ip_on_launch": false,
            "map_public_ip_on_launch": false,
            "outpost_arn": "",
            "owner_id": "891377328816",
            "private_dns_hostname_type_on_launch": "ip-name",
            "tags": {
              "Name": "private-subnets"
            },
            "tags_all": {
              "Name": "private-subnets"
            },
            "timeouts": null,
            "vpc_id": "vpc-0ca34cb5e035228b2"
          },
          "sensitive_attributes": [],
          "private": "eyJlMmJmYjczMC1lY2FhLTExZTYtOGY4OC0zNDM2M2JjN2M0YzAiOnsiY3JlYXRlIjo2MDAwMDAwMDAwMDAsImRlbGV0ZSI6MTIwMDAwMDAwMDAwMH0sInNjaGVtYV92ZXJzaW9uIjoiMSJ9",
          "dependencies": [
            "module.vpc.aws_vpc.this",
            "module.vpc.aws_vpc_ipv4_cidr_block_association.this"
          ]
        },
        {
          "index_key": 1,
          "schema_version": 1,
          "attributes": {
            "arn": "arn:aws:ec2:us-east-1:891377328816:subnet/subnet-0457c5a6c6e3a379c",
            "assign_ipv6_address_on_creation": false,
            "availability_zone": "us-east-1b",
            "availability_zone_id": "use1-az1",
            "cidr_block": "10.0.32.0/19",
            "customer_owned_ipv4_pool": "",
            "enable_dns64": false,
            "enable_lni_at_device_index": 0,
            "enable_resource_name_dns_a_record_on_launch": false,
            "enable_resource_name_dns_aaaa_record_on_launch": false,
            "id": "subnet-0457c5a6c6e3a379c",
            "ipv6_cidr_block": "",
            "ipv6_cidr_block_association_id": "",
            "ipv6_native": false,
            "map_customer_owned_ip_on_launch": false,
            "map_public_ip_on_launch": false,
            "outpost_arn": "",
            "owner_id": "891377328816",
            "private_dns_hostname_type_on_launch": "ip-name",
            "tags": {
              "Name": "private-subnets"
            },
            "tags_all": {
              "Name": "private-subnets"
            },
            "timeouts": null,
            "vpc_id": "vpc-0ca34cb5e035228b2"
          },
          "sensitive_attributes": [],
          "private": "eyJlMmJmYjczMC1lY2FhLTExZTYtOGY4OC0zNDM2M2JjN2M0YzAiOnsiY3JlYXRlIjo2MDAwMDAwMDAwMDAsImRlbGV0ZSI6MTIwMDAwMDAwMDAwMH0sInNjaGVtYV92ZXJzaW9uIjoiMSJ9",
          "dependencies": [
            "module.vpc.aws_vpc.this",
            "module.vpc.aws_vpc_ipv4_cidr_block_association.this"
          ]
        }
      ]
    },
    {
      "module": "module.vpc",
      "mode": "managed",
      "type": "aws_subnet",
      "name": "public",
      "provider": "provider[\"registry.terraform.io/hashicorp/aws\"]",
      "instances": [
        {
          "index_key": 0,
          "schema_version": 1,
          "attributes": {
            "arn": "arn:aws:ec2:us-east-1:891377328816:subnet/subnet-0f21edb0824af4704",
            "assign_ipv6_address_on_creation": false,
            "availability_zone": "us-east-1a",
            "availability_zone_id": "use1-az6",
            "cidr_block": "10.0.64.0/19",
            "customer_owned_ipv4_pool": "",
            "enable_dns64": false,
            "enable_lni_at_device_index": 0,
            "enable_resource_name_dns_a_record_on_launch": false,
            "enable_resource_name_dns_aaaa_record_on_launch": false,
            "id": "subnet-0f21edb0824af4704",
            "ipv6_cidr_block": "",
            "ipv6_cidr_block_association_id": "",
            "ipv6_native": false,
            "map_customer_owned_ip_on_launch": false,
            "map_public_ip_on_launch": false,
            "outpost_arn": "",
            "owner_id": "891377328816",
            "private_dns_hostname_type_on_launch": "ip-name",
            "tags": {
              "Name": "public-subnets"
            },
            "tags_all": {
              "Name": "public-subnets"
            },
            "timeouts": null,
            "vpc_id": "vpc-0ca34cb5e035228b2"
          },
          "sensitive_attributes": [],
          "private": "eyJlMmJmYjczMC1lY2FhLTExZTYtOGY4OC0zNDM2M2JjN2M0YzAiOnsiY3JlYXRlIjo2MDAwMDAwMDAwMDAsImRlbGV0ZSI6MTIwMDAwMDAwMDAwMH0sInNjaGVtYV92ZXJzaW9uIjoiMSJ9",
          "dependencies": [
            "module.vpc.aws_vpc.this",
            "module.vpc.aws_vpc_ipv4_cidr_block_association.this"
          ]
        },
        {
          "index_key": 1,
          "schema_version": 1,
          "attributes": {
            "arn": "arn:aws:ec2:us-east-1:891377328816:subnet/subnet-0213422c868361404",
            "assign_ipv6_address_on_creation": false,
            "availability_zone": "us-east-1b",
            "availability_zone_id": "use1-az1",
            "cidr_block": "10.0.96.0/19",
            "customer_owned_ipv4_pool": "",
            "enable_dns64": false,
            "enable_lni_at_device_index": 0,
            "enable_resource_name_dns_a_record_on_launch": false,
            "enable_resource_name_dns_aaaa_record_on_launch": false,
            "id": "subnet-0213422c868361404",
            "ipv6_cidr_block": "",
            "ipv6_cidr_block_association_id": "",
            "ipv6_native": false,
            "map_customer_owned_ip_on_launch": false,
            "map_public_ip_on_launch": false,
            "outpost_arn": "",
            "owner_id": "891377328816",
            "private_dns_hostname_type_on_launch": "ip-name",
            "tags": {
              "Name": "public-subnets"
            },
            "tags_all": {
              "Name": "public-subnets"
            },
            "timeouts": null,
            "vpc_id": "vpc-0ca34cb5e035228b2"
          },
          "sensitive_attributes": [],
          "private": "eyJlMmJmYjczMC1lY2FhLTExZTYtOGY4OC0zNDM2M2JjN2M0YzAiOnsiY3JlYXRlIjo2MDAwMDAwMDAwMDAsImRlbGV0ZSI6MTIwMDAwMDAwMDAwMH0sInNjaGVtYV92ZXJzaW9uIjoiMSJ9",
          "dependencies": [
            "module.vpc.aws_vpc.this",
            "module.vpc.aws_vpc_ipv4_cidr_block_association.this"
          ]
        }
      ]
    },
    {
      "module": "module.vpc",
      "mode": "managed",
      "type": "aws_vpc",
      "name": "this",
      "provider": "provider[\"registry.terraform.io/hashicorp/aws\"]",
      "instances": [
        {
          "index_key": 0,
          "schema_version": 1,
          "attributes": {
            "arn": "arn:aws:ec2:us-east-1:891377328816:vpc/vpc-0ca34cb5e035228b2",
            "assign_generated_ipv6_cidr_block": false,
            "cidr_block": "10.0.0.0/16",
            "default_network_acl_id": "acl-088591bafea581a77",
            "default_route_table_id": "rtb-0f83c49a0a5634187",
            "default_security_group_id": "sg-0c538af865e6b0a8f",
            "dhcp_options_id": "dopt-088ccc6662862e84c",
            "enable_dns_hostnames": true,
            "enable_dns_support": true,
            "enable_network_address_usage_metrics": false,
            "id": "vpc-0ca34cb5e035228b2",
            "instance_tenancy": "default",
            "ipv4_ipam_pool_id": null,
            "ipv4_netmask_length": null,
            "ipv6_association_id": "",
            "ipv6_cidr_block": "",
            "ipv6_cidr_block_network_border_group": "",
            "ipv6_ipam_pool_id": "",
            "ipv6_netmask_length": 0,
            "main_route_table_id": "rtb-0f83c49a0a5634187",
            "owner_id": "891377328816",
            "tags": {
              "Name": "project-Terraform-windows-vpc"
            },
            "tags_all": {
              "Name": "project-Terraform-windows-vpc"
            }
          },
          "sensitive_attributes": [],
          "private": "eyJzY2hlbWFfdmVyc2lvbiI6IjEifQ=="
        }
      ]
    }
  ],
  "check_results": null
}
