{
  "version": 4,
  "terraform_version": "1.5.7",
  "serial": 398,
  "lineage": "e8899740-53e4-7cc8-150a-cc2c614bf133",
  "outputs": {},
  "resources": [
    {
      "mode": "data",
      "type": "http",
      "name": "my_public_ip",
      "provider": "provider[\"registry.terraform.io/hashicorp/http\"]",
      "instances": [
        {
          "schema_version": 0,
          "attributes": {
            "body": "3.101.101.240\n",
            "ca_cert_pem": null,
            "id": "https://ipv4.icanhazip.com",
            "insecure": null,
            "method": null,
            "request_body": null,
            "request_headers": null,
            "request_timeout_ms": null,
            "response_body": "3.101.101.240\n",
            "response_body_base64": "My4xMDEuMTAxLjI0MAo=",
            "response_headers": {
              "Access-Control-Allow-Methods": "GET",
              "Access-Control-Allow-Origin": "*",
              "Alt-Svc": "h3=\":443\"; ma=86400",
              "Cf-Ray": "8d39082ea83fcea4-SJC",
              "Content-Length": "14",
              "Content-Type": "text/plain",
              "Date": "Wed, 16 Oct 2024 15:20:16 GMT",
              "Server": "cloudflare",
              "Set-Cookie": "__cf_bm=JrNdrc0eGBxf99k3W5BqH7L7VHmzXQUzOCkNf3REmGs-1729092016-1.0.1.1-TJeqTphlR6Hl9.3Q296IyQ8nz3gHY3VVcSbqZlp5qXcZEzdSEL1geUJX1WPbFw1Mukh0qlOJyGWQ20V2myWKUg; path=/; expires=Wed, 16-Oct-24 15:50:16 GMT; domain=.icanhazip.com; HttpOnly; Secure; SameSite=None",
              "Vary": "Accept-Encoding"
            },
            "retry": null,
            "status_code": 200,
            "url": "https://ipv4.icanhazip.com"
          },
          "sensitive_attributes": []
        }
      ]
    },
    {
      "mode": "managed",
      "type": "aws_instance",
      "name": "my-Terraform-ec2",
      "provider": "provider[\"registry.terraform.io/hashicorp/aws\"]",
      "instances": [
        {
          "index_key": 0,
          "schema_version": 1,
          "attributes": {
            "ami": "ami-04a81a99f5ec58529",
            "arn": "arn:aws:ec2:us-east-1:891377328816:instance/i-005c746e72c27c6ee",
            "associate_public_ip_address": true,
            "availability_zone": "us-east-1a",
            "capacity_reservation_specification": [
              {
                "capacity_reservation_preference": "open",
                "capacity_reservation_target": []
              }
            ],
            "cpu_core_count": 1,
            "cpu_options": [
              {
                "amd_sev_snp": "",
                "core_count": 1,
                "threads_per_core": 1
              }
            ],
            "cpu_threads_per_core": 1,
            "credit_specification": [
              {
                "cpu_credits": "standard"
              }
            ],
            "disable_api_stop": false,
            "disable_api_termination": false,
            "ebs_block_device": [],
            "ebs_optimized": false,
            "enclave_options": [
              {
                "enabled": false
              }
            ],
            "ephemeral_block_device": [],
            "get_password_data": false,
            "hibernation": false,
            "host_id": "",
            "host_resource_group_arn": null,
            "iam_instance_profile": "",
            "id": "i-005c746e72c27c6ee",
            "instance_initiated_shutdown_behavior": "stop",
            "instance_lifecycle": "",
            "instance_market_options": [],
            "instance_state": "running",
            "instance_type": "t2.micro",
            "ipv6_address_count": 0,
            "ipv6_addresses": [],
            "key_name": "My-Terraform-ec2-keypair",
            "launch_template": [],
            "maintenance_options": [
              {
                "auto_recovery": "default"
              }
            ],
            "metadata_options": [
              {
                "http_endpoint": "enabled",
                "http_protocol_ipv6": "disabled",
                "http_put_response_hop_limit": 2,
                "http_tokens": "required",
                "instance_metadata_tags": "disabled"
              }
            ],
            "monitoring": false,
            "network_interface": [],
            "outpost_arn": "",
            "password_data": "",
            "placement_group": "",
            "placement_partition_number": 0,
            "primary_network_interface_id": "eni-04bf7618e8608ee1a",
            "private_dns": "ip-10-0-72-43.ec2.internal",
            "private_dns_name_options": [
              {
                "enable_resource_name_dns_a_record": false,
                "enable_resource_name_dns_aaaa_record": false,
                "hostname_type": "ip-name"
              }
            ],
            "private_ip": "10.0.72.43",
            "public_dns": "ec2-23-20-176-92.compute-1.amazonaws.com",
            "public_ip": "23.20.176.92",
            "root_block_device": [
              {
                "delete_on_termination": true,
                "device_name": "/dev/sda1",
                "encrypted": false,
                "iops": 3000,
                "kms_key_id": "",
                "tags": {},
                "tags_all": {},
                "throughput": 125,
                "volume_id": "vol-0985d4cedf437e3de",
                "volume_size": 8,
                "volume_type": "gp3"
              }
            ],
            "secondary_private_ips": [],
            "security_groups": [],
            "source_dest_check": true,
            "spot_instance_request_id": "",
            "subnet_id": "subnet-0cfd604b778953156",
            "tags": {
              "Name": "My-Terraform-ec2"
            },
            "tags_all": {
              "Name": "My-Terraform-ec2"
            },
            "tenancy": "default",
            "timeouts": null,
            "user_data": null,
            "user_data_base64": null,
            "user_data_replace_on_change": false,
            "volume_tags": null,
            "vpc_security_group_ids": [
              "sg-0531161303fb066d5"
            ]
          },
          "sensitive_attributes": [],
          "private": "eyJlMmJmYjczMC1lY2FhLTExZTYtOGY4OC0zNDM2M2JjN2M0YzAiOnsiY3JlYXRlIjo2MDAwMDAwMDAwMDAsImRlbGV0ZSI6MTIwMDAwMDAwMDAwMCwicmVhZCI6OTAwMDAwMDAwMDAwLCJ1cGRhdGUiOjYwMDAwMDAwMDAwMH0sInNjaGVtYV92ZXJzaW9uIjoiMSJ9",
          "dependencies": [
            "aws_security_group.ec2",
            "data.http.my_public_ip",
            "module.vpc.aws_subnet.public",
            "module.vpc.aws_vpc.this",
            "module.vpc.aws_vpc_ipv4_cidr_block_association.this"
          ]
        }
      ]
    },
    {
      "mode": "managed",
      "type": "aws_key_pair",
      "name": "My-Terraform-ec2-keypair",
      "provider": "provider[\"registry.terraform.io/hashicorp/aws\"]",
      "instances": [
        {
          "schema_version": 1,
          "attributes": {
            "arn": "arn:aws:ec2:us-east-1:891377328816:key-pair/My-Terraform-ec2-keypair",
            "fingerprint": "ff:f8:af:38:32:a3:90:c7:73:34:4b:85:e7:2b:f0:82",
            "id": "My-Terraform-ec2-keypair",
            "key_name": "My-Terraform-ec2-keypair",
            "key_name_prefix": "",
            "key_pair_id": "key-0505ffdaba4f181d8",
            "key_type": "rsa",
            "public_key": "ssh-rsa AAAAB3NzaC1yc2EAAAADAQABAAACAQDBwFcBxuHJW/FiA87mTtvc7vK9B9AOINfkLEGjDwCNI34zGPgMbwE+QO8pzpSAu9o4zJVI2/bBomg/NnxdUU5jycpGKoOEEUnmB2B0MDRKfIV5cyPTyrgYElSLAK+LncoWNUFrNMZDwgqGch3e2Dd8huIpB3nk3h7W+Egu7rS8iytpbZI0LD3kLQgVHGSwhIxJvABH5QqU8CBndAVrMP1U1n9zVP86erOXoMde2gwS7mKhvPXirbofl06yWKznGLKfCIP7d1DIJquA6X8AAsLhixDlkFs2+1lxoPCmY1tlSrHA50ZHMsEFUZhEI4jgn+3K6yRNUsuEsBediq07/2CBJq6KvkXyDeLDXnY0xQqrMYDqillvaen2o36fstjjQYqBrdnnbDDvV/BmUdYBOBCipGCbenh34/PpWNQu83tBTKlPM+SbqSFj+q4kd6b4lkL6IckW6CV/pesWSNLgHccNwYUqs07pTD1bZG+7dfqDF7o55AbrTQz3otUhPYvS8TmtG4T10UziBTtxnSHS2I/WoMLPScQylrPTle1kFR6upNBgjb+BXLSgsfJrBVjoUCBzKc3eJ0lpvnyPw6h4EOXC5/WVBUUtQBNeeCn9BCF+SgzIj/Ev0aszKXQ/sN2Q++N5wPaVvC4UB1yhSJFa1LqA+cazE/TsJQHKD2b0y3R5kw==",
            "tags": null,
            "tags_all": {}
          },
          "sensitive_attributes": [],
          "private": "eyJzY2hlbWFfdmVyc2lvbiI6IjEifQ==",
          "dependencies": [
            "tls_private_key.rsa"
          ]
        }
      ]
    },
    {
      "mode": "managed",
      "type": "aws_security_group",
      "name": "ec2",
      "provider": "provider[\"registry.terraform.io/hashicorp/aws\"]",
      "instances": [
        {
          "schema_version": 1,
          "attributes": {
            "arn": "arn:aws:ec2:us-east-1:891377328816:security-group/sg-0531161303fb066d5",
            "description": "Terraform Security Group for EC2",
            "egress": [
              {
                "cidr_blocks": [
                  "0.0.0.0/0"
                ],
                "description": "",
                "from_port": 0,
                "ipv6_cidr_blocks": [],
                "prefix_list_ids": [],
                "protocol": "-1",
                "security_groups": [],
                "self": false,
                "to_port": 0
              }
            ],
            "id": "sg-0531161303fb066d5",
            "ingress": [
              {
                "cidr_blocks": [
                  "3.101.101.240/32"
                ],
                "description": "",
                "from_port": 22,
                "ipv6_cidr_blocks": [],
                "prefix_list_ids": [],
                "protocol": "tcp",
                "security_groups": [],
                "self": false,
                "to_port": 22
              },
              {
                "cidr_blocks": [
                  "3.101.101.240/32"
                ],
                "description": "",
                "from_port": 443,
                "ipv6_cidr_blocks": [],
                "prefix_list_ids": [],
                "protocol": "tcp",
                "security_groups": [],
                "self": false,
                "to_port": 443
              },
              {
                "cidr_blocks": [
                  "3.101.101.240/32"
                ],
                "description": "",
                "from_port": 80,
                "ipv6_cidr_blocks": [],
                "prefix_list_ids": [],
                "protocol": "tcp",
                "security_groups": [],
                "self": false,
                "to_port": 80
              }
            ],
            "name": "Terraform-ec2-SG",
            "name_prefix": "",
            "owner_id": "891377328816",
            "revoke_rules_on_delete": false,
            "tags": {
              "Name": "Terraform-ec2-SG"
            },
            "tags_all": {
              "Name": "Terraform-ec2-SG"
            },
            "timeouts": null,
            "vpc_id": "vpc-0484e160a1ff0f884"
          },
          "sensitive_attributes": [],
          "private": "eyJlMmJmYjczMC1lY2FhLTExZTYtOGY4OC0zNDM2M2JjN2M0YzAiOnsiY3JlYXRlIjo2MDAwMDAwMDAwMDAsImRlbGV0ZSI6OTAwMDAwMDAwMDAwfSwic2NoZW1hX3ZlcnNpb24iOiIxIn0=",
          "dependencies": [
            "data.http.my_public_ip",
            "module.vpc.aws_vpc.this"
          ]
        }
      ]
    },
    {
      "mode": "managed",
      "type": "local_file",
      "name": "My-Terraform-ec2-keypair",
      "provider": "provider[\"registry.terraform.io/hashicorp/local\"]",
      "instances": [
        {
          "schema_version": 0,
          "attributes": {
            "content": "-----BEGIN RSA PRIVATE KEY-----\nMIIJKAIBAAKCAgEAwcBXAcbhyVvxYgPO5k7b3O7yvQfQDiDX5CxBow8AjSN+Mxj4\nDG8BPkDvKc6UgLvaOMyVSNv2waJoPzZ8XVFOY8nKRiqDhBFJ5gdgdDA0SnyFeXMj\n08q4GBJUiwCvi53KFjVBazTGQ8IKhnId3tg3fIbiKQd55N4e1vhILu60vIsraW2S\nNCw95C0IFRxksISMSbwAR+UKlPAgZ3QFazD9VNZ/c1T/Onqzl6DHXtoMEu5iobz1\n4q26H5dOslis5xiynwiD+3dQyCargOl/AALC4YsQ5ZBbNvtZcaDwpmNbZUqxwOdG\nRzLBBVGYRCOI4J/tyuskTVLLhLAXnYqtO/9ggSauir5F8g3iw152NMUKqzGA6opZ\nb2np9qN+n7LY40GKga3Z52ww71fwZlHWATgQoqRgm3p4d+Pz6VjULvN7QUypTzPk\nm6khY/quJHem+JZC+iHJFuglf6XrFkjS4B3HDcGFKrNO6Uw9W2Rvu3X6gxe6OeQG\n600M96LVIT2L0vE5rRuE9dFM4gU7cZ0h0tiP1qDCz0nEMpaz05XtZBUerqTQYI2/\ngVy0oLHyawVY6FAgcynN3idJab58j8OoeBDlwuf1lQVFLUATXngp/QQhfkoMyI/x\nL9GrMyl0P7DdkPvjecD2lbwuFAdcoUiRWtS6gPnGsxP07CUByg9m9Mt0eZMCAwEA\nAQKCAgATxzCai9TMm0geu0jJlc831GSPC1cfuhaPwjzJCmUCA1eEm83mZwZ3dmVz\nnRTnt0VleuzaTSn5RjziBwvW8s/Pu++cDgby2ljy1FnyQmF0IRX2+dv0aMM2Idjj\nf6Rr2iWg8rrE2NRMYmh0pP2LnAK+AX7gtVSqGkqHozyrHc7xWDuMPZUpIkMHIdmr\nXgShSEaR2FEnBah437JPHTbYZF3X5TWJbmnHbHMczVrMwfFtlUwYOpPXGejgBLAR\n4J91z72cImBmsR1b8SacuDkwpReDspB8/qlxCWNuCAHI2megBWnzySgRaIrvog6r\nFf2JAIpjpnFEO2lvGBKxEFDyyPTuzKz0SXrfqAWyX6VZGuWBoRFeV5tHHuXnCPp8\nWtZSfzmfYa5Kwiu3co7uN4NVhi6ru6Z0Yb33Dfud4Ks9riFe2emGWfAfa30tBqy/\nudHpFYlhrysD755q7AQMbMhUKO9tfgJTYH7ZPbNOCKqDIJXPP/POHWDR9HtGdF16\nnJXku1p56IELSZ0yTJ95gUxoNFJjtFVNApT1FzU2l+ybX2mmZqxSUc8V9fWeIQhy\neVN4OuHiPOur6LQHWn4kglBIyRuoiJT31hdV/uaahVCYxhTri7BNl9UpdTJyEpft\nfOrjZiNj7hAGN/C1GKzU6Plx5F1an+OAyadt8tC9NeyBar38AQKCAQEA4ZhYx+Fe\n/DzEUmDuyfUHSH/oAM2U0fEe7I+1nEunJq3U+TudOVuluDLjt7ByqF/WN2QuMuKO\nDDGrXPV+FnxHfGtegvgY4BR2QVKEC0Yk+QvKkhRYHH9b9D2CcsJ08FFEDkQaacqu\nQEedTS1eNR1pLXmcOz85+JDEctsGRyMOhQ277G+l5ujiPjRoZQU3g8SXTJNyzqmI\ntS2Qkbq6/CXvdVt+5YqwQOdiUXOJjxex1+7ogk9Ohwzg2OR1eHl/RIQquua385Fo\nvoBzlOwXoCw9iIJXvJwWBPmasIicqMRRBLo4z0TQlejk72ZyeDuaoNTtj/eRbWxs\n2pVkeNR0puFXAQKCAQEA291LgfFtOk/OUkYSdx6mpLL4PqLJIzisSYK5NcA7DQFP\ncIRnuOY3PumjuTxmehnhYhx+G/LyL9JRt93V7cr5E1ijy/+D8rzbNYBsXBc+oJCu\ngdOy1QyEy/fL+p4ewAjxXYuNifKtNi9ODIYaZhlWnTiAOcXODmlCvLjc0OOgomL/\nOnM5nprz2GivpaHx3HZy4kRHl5NKcGX5CvacFhnQ2hh4HT8oULOaHTOrIf65LETw\nGuiGu93wWS1NUrrUnzXU7u7ba+OFNHushGAt1yaNzPMqBzE7/ucLAE5InWX/3mk7\nYNIh6GWYCvQ1esIp5qDP5xZbY1Rk4LTLlIRKcjOEkwKCAQB8hEc0hAuWc7/0rDYA\n2LLdbGPU1aP3wPvNnICkNQmcisQLkMD2IMS2h7gy8jxG/SbSygPJ6Ex5JI0uMP4Y\nUR5v6R9wcJniTMj8wxvI0T2lDMIRoRMFH7LUe4Ld7sD2yBQlP6fIjqthJWYIbCsc\nbBBank4CUaKgtN8JeiTb7NidzffUx8ctTYtaxDh+0cNTgpX0GUp8EQ042155YTTF\n6fZis062SbeBC3Wz+W6KwYxS4DYLftScLBqK/IZuKbl6Suz+3kvYL4E97M5e+3UK\n3oBUMYVVwF1S/6ZHHBBEAp+pWVPz60qqA7MhBE3YWSW+8efx17a4S+lFOMINA08j\nsSsBAoIBADTJuhJV2+rPNHNOfap6AnqyuaWYQgCh38O6jitYnxTtRpx2Pc0IASWq\nxPN5jAUu54092A1v1DQlJBeoPG/edtTtSE53Z7/FFkCPN/UYY6H7etqS8HH0koHC\nWggvJKTowMK7+dywFmRXET8yh24SEVioMykr0+Bj53EWVXYV4QB8Ell/RstM2tUP\ntXRoIIDVM5od2K6M36eC5Dt8oFcyFZH3pAcpnc1agdsXB7SeyujVGGztfUPn8ogG\nt3TwhJJBQ4Gmeao6s0W5l98klHz+tbcKfwHBEW2PHXYSVZ7s2XUWAPqrGRcKJWoj\n3h8+NP85hxEtrf14SswkvGhJJvKqad8CggEBAKw1sb3Ct7g4xtN6pSet6HkWRYBj\nZvv9TZVuAsAuZdYl51/D1rZgZg5rtzEtELHvTup0UTO1qUwTl2VLfbMGkUrlls9v\nsChiG4MDAWojDpZ/YTGntHMmBaIlcdeIQt8wjcGabJcISOpkQGNf4orUzBJCjxjV\nKuh3rg6t3QbbNuvHmo4wEEk73d0et02yNQUMJvtSWhXxofbQgmEFayVI/dkQyGwI\ntIztvkIUthqoSAA+lqzxNYrlE4YBykciLZo3/bYKRi1x9UmJAinkVRc6/oN/kJs5\ncZlQvhiXvlnHSOQexW8Ljiiredkr7aPYkrycT69COEQqC0y9LdV4tPtPEIM=\n-----END RSA PRIVATE KEY-----\n",
            "content_base64": null,
            "content_base64sha256": "BD8Y6LdwQaotq7UhnTbClmJQEY213qpq0PYuMLmFTRU=",
            "content_base64sha512": "ujxeiCU70H+VZRZ1NR/bW0TLXiTYhIyEDc88gFOd/KWuYT1PMZq+CRvRmnb6+bsQZRYaPcSC7wBo8Lfnixg7ug==",
            "content_md5": "f3120a15c1ad4d18d07e98d0658b0acf",
            "content_sha1": "133ceadc197fd46cc0aa0ec4cb4ccd156ccec45c",
            "content_sha256": "043f18e8b77041aa2dabb5219d36c2966250118db5deaa6ad0f62e30b9854d15",
            "content_sha512": "ba3c5e88253bd07f95651675351fdb5b44cb5e24d8848c840dcf3c80539dfca5ae613d4f319abe091bd19a76faf9bb1065161a3dc482ef0068f0b7e78b183bba",
            "directory_permission": "0777",
            "file_permission": "0777",
            "filename": "mytfec2key",
            "id": "133ceadc197fd46cc0aa0ec4cb4ccd156ccec45c",
            "sensitive_content": null,
            "source": null
          },
          "sensitive_attributes": [
            [
              {
                "type": "get_attr",
                "value": "content"
              }
            ]
          ],
          "dependencies": [
            "tls_private_key.rsa"
          ]
        }
      ]
    },
    {
      "mode": "managed",
      "type": "tls_private_key",
      "name": "rsa",
      "provider": "provider[\"registry.terraform.io/hashicorp/tls\"]",
      "instances": [
        {
          "schema_version": 1,
          "attributes": {
            "algorithm": "RSA",
            "ecdsa_curve": "P224",
            "id": "30754d99097b7e6a4ddc2b8a52fac47e38c71820",
            "private_key_openssh": "-----BEGIN OPENSSH PRIVATE KEY-----\nb3BlbnNzaC1rZXktdjEAAAAABG5vbmUAAAAEbm9uZQAAAAAAAAABAAACFwAAAAdz\nc2gtcnNhAAAAAwEAAQAAAgEAwcBXAcbhyVvxYgPO5k7b3O7yvQfQDiDX5CxBow8A\njSN+Mxj4DG8BPkDvKc6UgLvaOMyVSNv2waJoPzZ8XVFOY8nKRiqDhBFJ5gdgdDA0\nSnyFeXMj08q4GBJUiwCvi53KFjVBazTGQ8IKhnId3tg3fIbiKQd55N4e1vhILu60\nvIsraW2SNCw95C0IFRxksISMSbwAR+UKlPAgZ3QFazD9VNZ/c1T/Onqzl6DHXtoM\nEu5iobz14q26H5dOslis5xiynwiD+3dQyCargOl/AALC4YsQ5ZBbNvtZcaDwpmNb\nZUqxwOdGRzLBBVGYRCOI4J/tyuskTVLLhLAXnYqtO/9ggSauir5F8g3iw152NMUK\nqzGA6opZb2np9qN+n7LY40GKga3Z52ww71fwZlHWATgQoqRgm3p4d+Pz6VjULvN7\nQUypTzPkm6khY/quJHem+JZC+iHJFuglf6XrFkjS4B3HDcGFKrNO6Uw9W2Rvu3X6\ngxe6OeQG600M96LVIT2L0vE5rRuE9dFM4gU7cZ0h0tiP1qDCz0nEMpaz05XtZBUe\nrqTQYI2/gVy0oLHyawVY6FAgcynN3idJab58j8OoeBDlwuf1lQVFLUATXngp/QQh\nfkoMyI/xL9GrMyl0P7DdkPvjecD2lbwuFAdcoUiRWtS6gPnGsxP07CUByg9m9Mt0\neZMAAAc4aCzSLWgs0i0AAAAHc3NoLXJzYQAAAgEAwcBXAcbhyVvxYgPO5k7b3O7y\nvQfQDiDX5CxBow8AjSN+Mxj4DG8BPkDvKc6UgLvaOMyVSNv2waJoPzZ8XVFOY8nK\nRiqDhBFJ5gdgdDA0SnyFeXMj08q4GBJUiwCvi53KFjVBazTGQ8IKhnId3tg3fIbi\nKQd55N4e1vhILu60vIsraW2SNCw95C0IFRxksISMSbwAR+UKlPAgZ3QFazD9VNZ/\nc1T/Onqzl6DHXtoMEu5iobz14q26H5dOslis5xiynwiD+3dQyCargOl/AALC4YsQ\n5ZBbNvtZcaDwpmNbZUqxwOdGRzLBBVGYRCOI4J/tyuskTVLLhLAXnYqtO/9ggSau\nir5F8g3iw152NMUKqzGA6opZb2np9qN+n7LY40GKga3Z52ww71fwZlHWATgQoqRg\nm3p4d+Pz6VjULvN7QUypTzPkm6khY/quJHem+JZC+iHJFuglf6XrFkjS4B3HDcGF\nKrNO6Uw9W2Rvu3X6gxe6OeQG600M96LVIT2L0vE5rRuE9dFM4gU7cZ0h0tiP1qDC\nz0nEMpaz05XtZBUerqTQYI2/gVy0oLHyawVY6FAgcynN3idJab58j8OoeBDlwuf1\nlQVFLUATXngp/QQhfkoMyI/xL9GrMyl0P7DdkPvjecD2lbwuFAdcoUiRWtS6gPnG\nsxP07CUByg9m9Mt0eZMAAAADAQABAAACABPHMJqL1MybSB67SMmVzzfUZI8LVx+6\nFo/CPMkKZQIDV4SbzeZnBnd2ZXOdFOe3RWV67NpNKflGPOIHC9byz8+775wOBvLa\nWPLUWfJCYXQhFfb52/RowzYh2ON/pGvaJaDyusTY1ExiaHSk/YucAr4BfuC1VKoa\nSoejPKsdzvFYO4w9lSkiQwch2ateBKFIRpHYUScFqHjfsk8dNthkXdflNYluacds\ncxzNWszB8W2VTBg6k9cZ6OAEsBHgn3XPvZwiYGaxHVvxJpy4OTClF4OykHz+qXEJ\nY24IAcjaZ6AFafPJKBFoiu+iDqsV/YkAimOmcUQ7aW8YErEQUPLI9O7MrPRJet+o\nBbJfpVka5YGhEV5Xm0ce5ecI+nxa1lJ/OZ9hrkrCK7dyju43g1WGLqu7pnRhvfcN\n+53gqz2uIV7Z6YZZ8B9rfS0GrL+50ekViWGvKwPvnmrsBAxsyFQo721+AlNgftk9\ns04IqoMglc8/884dYNH0e0Z0XXqcleS7WnnogQtJnTJMn3mBTGg0UmO0VU0ClPUX\nNTaX7JtfaaZmrFJRzxX19Z4hCHJ5U3g64eI866votAdafiSCUEjJG6iIlPfWF1X+\n5pqFUJjGFOuLsE2X1Sl1MnISl+186uNmI2PuEAY38LUYrNTo+XHkXVqf44DJp23y\n0L017IFqvfwBAAABAQCsNbG9wre4OMbTeqUnreh5FkWAY2b7/U2VbgLALmXWJedf\nw9a2YGYOa7cxLRCx707qdFEztalME5dlS32zBpFK5ZbPb7AoYhuDAwFqIw6Wf2Ex\np7RzJgWiJXHXiELfMI3BmmyXCEjqZEBjX+KK1MwSQo8Y1Srod64Ord0G2zbrx5qO\nMBBJO93dHrdNsjUFDCb7UloV8aH20IJhBWslSP3ZEMhsCLSM7b5CFLYaqEgAPpas\n8TWK5ROGAcpHIi2aN/22CkYtcfVJiQIp5FUXOv6Df5CbOXGZUL4Yl75Zx0jkHsVv\nC44oq3nZK+2j2JK8nE+vQjhEKgtMvS3VeLT7TxCDAAABAQDhmFjH4V78PMRSYO7J\n9QdIf+gAzZTR8R7sj7WcS6cmrdT5O505W6W4MuO3sHKoX9Y3ZC4y4o4MMatc9X4W\nfEd8a16C+BjgFHZBUoQLRiT5C8qSFFgcf1v0PYJywnTwUUQORBppyq5AR51NLV41\nHWkteZw7Pzn4kMRy2wZHIw6FDbvsb6Xm6OI+NGhlBTeDxJdMk3LOqYi1LZCRurr8\nJe91W37lirBA52JRc4mPF7HX7uiCT06HDODY5HV4eX9EhCq65rfzkWi+gHOU7Beg\nLD2Igle8nBYE+ZqwiJyoxFEEujjPRNCV6OTvZnJ4O5qg1O2P95FtbGzalWR41HSm\n4VcBAAABAQDb3UuB8W06T85SRhJ3Hqaksvg+oskjOKxJgrk1wDsNAU9whGe45jc+\n6aO5PGZ6GeFiHH4b8vIv0lG33dXtyvkTWKPL/4PyvNs1gGxcFz6gkK6B07LVDITL\n98v6nh7ACPFdi42J8q02L04MhhpmGVadOIA5xc4OaUK8uNzQ46CiYv86czmemvPY\naK+lofHcdnLiREeXk0pwZfkK9pwWGdDaGHgdPyhQs5odM6sh/rksRPAa6Ia73fBZ\nLU1SutSfNdTu7ttr44U0e6yEYC3XJo3M8yoHMTv+5wsATkidZf/eaTtg0iHoZZgK\n9DV6winmoM/nFltjVGTgtMuUhEpyM4STAAAAAAEC\n-----END OPENSSH PRIVATE KEY-----\n",
            "private_key_pem": "-----BEGIN RSA PRIVATE KEY-----\nMIIJKAIBAAKCAgEAwcBXAcbhyVvxYgPO5k7b3O7yvQfQDiDX5CxBow8AjSN+Mxj4\nDG8BPkDvKc6UgLvaOMyVSNv2waJoPzZ8XVFOY8nKRiqDhBFJ5gdgdDA0SnyFeXMj\n08q4GBJUiwCvi53KFjVBazTGQ8IKhnId3tg3fIbiKQd55N4e1vhILu60vIsraW2S\nNCw95C0IFRxksISMSbwAR+UKlPAgZ3QFazD9VNZ/c1T/Onqzl6DHXtoMEu5iobz1\n4q26H5dOslis5xiynwiD+3dQyCargOl/AALC4YsQ5ZBbNvtZcaDwpmNbZUqxwOdG\nRzLBBVGYRCOI4J/tyuskTVLLhLAXnYqtO/9ggSauir5F8g3iw152NMUKqzGA6opZ\nb2np9qN+n7LY40GKga3Z52ww71fwZlHWATgQoqRgm3p4d+Pz6VjULvN7QUypTzPk\nm6khY/quJHem+JZC+iHJFuglf6XrFkjS4B3HDcGFKrNO6Uw9W2Rvu3X6gxe6OeQG\n600M96LVIT2L0vE5rRuE9dFM4gU7cZ0h0tiP1qDCz0nEMpaz05XtZBUerqTQYI2/\ngVy0oLHyawVY6FAgcynN3idJab58j8OoeBDlwuf1lQVFLUATXngp/QQhfkoMyI/x\nL9GrMyl0P7DdkPvjecD2lbwuFAdcoUiRWtS6gPnGsxP07CUByg9m9Mt0eZMCAwEA\nAQKCAgATxzCai9TMm0geu0jJlc831GSPC1cfuhaPwjzJCmUCA1eEm83mZwZ3dmVz\nnRTnt0VleuzaTSn5RjziBwvW8s/Pu++cDgby2ljy1FnyQmF0IRX2+dv0aMM2Idjj\nf6Rr2iWg8rrE2NRMYmh0pP2LnAK+AX7gtVSqGkqHozyrHc7xWDuMPZUpIkMHIdmr\nXgShSEaR2FEnBah437JPHTbYZF3X5TWJbmnHbHMczVrMwfFtlUwYOpPXGejgBLAR\n4J91z72cImBmsR1b8SacuDkwpReDspB8/qlxCWNuCAHI2megBWnzySgRaIrvog6r\nFf2JAIpjpnFEO2lvGBKxEFDyyPTuzKz0SXrfqAWyX6VZGuWBoRFeV5tHHuXnCPp8\nWtZSfzmfYa5Kwiu3co7uN4NVhi6ru6Z0Yb33Dfud4Ks9riFe2emGWfAfa30tBqy/\nudHpFYlhrysD755q7AQMbMhUKO9tfgJTYH7ZPbNOCKqDIJXPP/POHWDR9HtGdF16\nnJXku1p56IELSZ0yTJ95gUxoNFJjtFVNApT1FzU2l+ybX2mmZqxSUc8V9fWeIQhy\neVN4OuHiPOur6LQHWn4kglBIyRuoiJT31hdV/uaahVCYxhTri7BNl9UpdTJyEpft\nfOrjZiNj7hAGN/C1GKzU6Plx5F1an+OAyadt8tC9NeyBar38AQKCAQEA4ZhYx+Fe\n/DzEUmDuyfUHSH/oAM2U0fEe7I+1nEunJq3U+TudOVuluDLjt7ByqF/WN2QuMuKO\nDDGrXPV+FnxHfGtegvgY4BR2QVKEC0Yk+QvKkhRYHH9b9D2CcsJ08FFEDkQaacqu\nQEedTS1eNR1pLXmcOz85+JDEctsGRyMOhQ277G+l5ujiPjRoZQU3g8SXTJNyzqmI\ntS2Qkbq6/CXvdVt+5YqwQOdiUXOJjxex1+7ogk9Ohwzg2OR1eHl/RIQquua385Fo\nvoBzlOwXoCw9iIJXvJwWBPmasIicqMRRBLo4z0TQlejk72ZyeDuaoNTtj/eRbWxs\n2pVkeNR0puFXAQKCAQEA291LgfFtOk/OUkYSdx6mpLL4PqLJIzisSYK5NcA7DQFP\ncIRnuOY3PumjuTxmehnhYhx+G/LyL9JRt93V7cr5E1ijy/+D8rzbNYBsXBc+oJCu\ngdOy1QyEy/fL+p4ewAjxXYuNifKtNi9ODIYaZhlWnTiAOcXODmlCvLjc0OOgomL/\nOnM5nprz2GivpaHx3HZy4kRHl5NKcGX5CvacFhnQ2hh4HT8oULOaHTOrIf65LETw\nGuiGu93wWS1NUrrUnzXU7u7ba+OFNHushGAt1yaNzPMqBzE7/ucLAE5InWX/3mk7\nYNIh6GWYCvQ1esIp5qDP5xZbY1Rk4LTLlIRKcjOEkwKCAQB8hEc0hAuWc7/0rDYA\n2LLdbGPU1aP3wPvNnICkNQmcisQLkMD2IMS2h7gy8jxG/SbSygPJ6Ex5JI0uMP4Y\nUR5v6R9wcJniTMj8wxvI0T2lDMIRoRMFH7LUe4Ld7sD2yBQlP6fIjqthJWYIbCsc\nbBBank4CUaKgtN8JeiTb7NidzffUx8ctTYtaxDh+0cNTgpX0GUp8EQ042155YTTF\n6fZis062SbeBC3Wz+W6KwYxS4DYLftScLBqK/IZuKbl6Suz+3kvYL4E97M5e+3UK\n3oBUMYVVwF1S/6ZHHBBEAp+pWVPz60qqA7MhBE3YWSW+8efx17a4S+lFOMINA08j\nsSsBAoIBADTJuhJV2+rPNHNOfap6AnqyuaWYQgCh38O6jitYnxTtRpx2Pc0IASWq\nxPN5jAUu54092A1v1DQlJBeoPG/edtTtSE53Z7/FFkCPN/UYY6H7etqS8HH0koHC\nWggvJKTowMK7+dywFmRXET8yh24SEVioMykr0+Bj53EWVXYV4QB8Ell/RstM2tUP\ntXRoIIDVM5od2K6M36eC5Dt8oFcyFZH3pAcpnc1agdsXB7SeyujVGGztfUPn8ogG\nt3TwhJJBQ4Gmeao6s0W5l98klHz+tbcKfwHBEW2PHXYSVZ7s2XUWAPqrGRcKJWoj\n3h8+NP85hxEtrf14SswkvGhJJvKqad8CggEBAKw1sb3Ct7g4xtN6pSet6HkWRYBj\nZvv9TZVuAsAuZdYl51/D1rZgZg5rtzEtELHvTup0UTO1qUwTl2VLfbMGkUrlls9v\nsChiG4MDAWojDpZ/YTGntHMmBaIlcdeIQt8wjcGabJcISOpkQGNf4orUzBJCjxjV\nKuh3rg6t3QbbNuvHmo4wEEk73d0et02yNQUMJvtSWhXxofbQgmEFayVI/dkQyGwI\ntIztvkIUthqoSAA+lqzxNYrlE4YBykciLZo3/bYKRi1x9UmJAinkVRc6/oN/kJs5\ncZlQvhiXvlnHSOQexW8Ljiiredkr7aPYkrycT69COEQqC0y9LdV4tPtPEIM=\n-----END RSA PRIVATE KEY-----\n",
            "private_key_pem_pkcs8": "-----BEGIN PRIVATE KEY-----\nMIIJQgIBADANBgkqhkiG9w0BAQEFAASCCSwwggkoAgEAAoICAQDBwFcBxuHJW/Fi\nA87mTtvc7vK9B9AOINfkLEGjDwCNI34zGPgMbwE+QO8pzpSAu9o4zJVI2/bBomg/\nNnxdUU5jycpGKoOEEUnmB2B0MDRKfIV5cyPTyrgYElSLAK+LncoWNUFrNMZDwgqG\nch3e2Dd8huIpB3nk3h7W+Egu7rS8iytpbZI0LD3kLQgVHGSwhIxJvABH5QqU8CBn\ndAVrMP1U1n9zVP86erOXoMde2gwS7mKhvPXirbofl06yWKznGLKfCIP7d1DIJquA\n6X8AAsLhixDlkFs2+1lxoPCmY1tlSrHA50ZHMsEFUZhEI4jgn+3K6yRNUsuEsBed\niq07/2CBJq6KvkXyDeLDXnY0xQqrMYDqillvaen2o36fstjjQYqBrdnnbDDvV/Bm\nUdYBOBCipGCbenh34/PpWNQu83tBTKlPM+SbqSFj+q4kd6b4lkL6IckW6CV/pesW\nSNLgHccNwYUqs07pTD1bZG+7dfqDF7o55AbrTQz3otUhPYvS8TmtG4T10UziBTtx\nnSHS2I/WoMLPScQylrPTle1kFR6upNBgjb+BXLSgsfJrBVjoUCBzKc3eJ0lpvnyP\nw6h4EOXC5/WVBUUtQBNeeCn9BCF+SgzIj/Ev0aszKXQ/sN2Q++N5wPaVvC4UB1yh\nSJFa1LqA+cazE/TsJQHKD2b0y3R5kwIDAQABAoICABPHMJqL1MybSB67SMmVzzfU\nZI8LVx+6Fo/CPMkKZQIDV4SbzeZnBnd2ZXOdFOe3RWV67NpNKflGPOIHC9byz8+7\n75wOBvLaWPLUWfJCYXQhFfb52/RowzYh2ON/pGvaJaDyusTY1ExiaHSk/YucAr4B\nfuC1VKoaSoejPKsdzvFYO4w9lSkiQwch2ateBKFIRpHYUScFqHjfsk8dNthkXdfl\nNYluacdscxzNWszB8W2VTBg6k9cZ6OAEsBHgn3XPvZwiYGaxHVvxJpy4OTClF4Oy\nkHz+qXEJY24IAcjaZ6AFafPJKBFoiu+iDqsV/YkAimOmcUQ7aW8YErEQUPLI9O7M\nrPRJet+oBbJfpVka5YGhEV5Xm0ce5ecI+nxa1lJ/OZ9hrkrCK7dyju43g1WGLqu7\npnRhvfcN+53gqz2uIV7Z6YZZ8B9rfS0GrL+50ekViWGvKwPvnmrsBAxsyFQo721+\nAlNgftk9s04IqoMglc8/884dYNH0e0Z0XXqcleS7WnnogQtJnTJMn3mBTGg0UmO0\nVU0ClPUXNTaX7JtfaaZmrFJRzxX19Z4hCHJ5U3g64eI866votAdafiSCUEjJG6iI\nlPfWF1X+5pqFUJjGFOuLsE2X1Sl1MnISl+186uNmI2PuEAY38LUYrNTo+XHkXVqf\n44DJp23y0L017IFqvfwBAoIBAQDhmFjH4V78PMRSYO7J9QdIf+gAzZTR8R7sj7Wc\nS6cmrdT5O505W6W4MuO3sHKoX9Y3ZC4y4o4MMatc9X4WfEd8a16C+BjgFHZBUoQL\nRiT5C8qSFFgcf1v0PYJywnTwUUQORBppyq5AR51NLV41HWkteZw7Pzn4kMRy2wZH\nIw6FDbvsb6Xm6OI+NGhlBTeDxJdMk3LOqYi1LZCRurr8Je91W37lirBA52JRc4mP\nF7HX7uiCT06HDODY5HV4eX9EhCq65rfzkWi+gHOU7BegLD2Igle8nBYE+ZqwiJyo\nxFEEujjPRNCV6OTvZnJ4O5qg1O2P95FtbGzalWR41HSm4VcBAoIBAQDb3UuB8W06\nT85SRhJ3Hqaksvg+oskjOKxJgrk1wDsNAU9whGe45jc+6aO5PGZ6GeFiHH4b8vIv\n0lG33dXtyvkTWKPL/4PyvNs1gGxcFz6gkK6B07LVDITL98v6nh7ACPFdi42J8q02\nL04MhhpmGVadOIA5xc4OaUK8uNzQ46CiYv86czmemvPYaK+lofHcdnLiREeXk0pw\nZfkK9pwWGdDaGHgdPyhQs5odM6sh/rksRPAa6Ia73fBZLU1SutSfNdTu7ttr44U0\ne6yEYC3XJo3M8yoHMTv+5wsATkidZf/eaTtg0iHoZZgK9DV6winmoM/nFltjVGTg\ntMuUhEpyM4STAoIBAHyERzSEC5Zzv/SsNgDYst1sY9TVo/fA+82cgKQ1CZyKxAuQ\nwPYgxLaHuDLyPEb9JtLKA8noTHkkjS4w/hhRHm/pH3BwmeJMyPzDG8jRPaUMwhGh\nEwUfstR7gt3uwPbIFCU/p8iOq2ElZghsKxxsEFqeTgJRoqC03wl6JNvs2J3N99TH\nxy1Ni1rEOH7Rw1OClfQZSnwRDTjbXnlhNMXp9mKzTrZJt4ELdbP5borBjFLgNgt+\n1JwsGor8hm4puXpK7P7eS9gvgT3szl77dQregFQxhVXAXVL/pkccEEQCn6lZU/Pr\nSqoDsyEETdhZJb7x5/HXtrhL6UU4wg0DTyOxKwECggEANMm6ElXb6s80c059qnoC\nerK5pZhCAKHfw7qOK1ifFO1GnHY9zQgBJarE83mMBS7njT3YDW/UNCUkF6g8b952\n1O1ITndnv8UWQI839Rhjoft62pLwcfSSgcJaCC8kpOjAwrv53LAWZFcRPzKHbhIR\nWKgzKSvT4GPncRZVdhXhAHwSWX9Gy0za1Q+1dGgggNUzmh3Yrozfp4LkO3ygVzIV\nkfekBymdzVqB2xcHtJ7K6NUYbO19Q+fyiAa3dPCEkkFDgaZ5qjqzRbmX3ySUfP61\ntwp/AcERbY8ddhJVnuzZdRYA+qsZFwolaiPeHz40/zmHES2t/XhKzCS8aEkm8qpp\n3wKCAQEArDWxvcK3uDjG03qlJ63oeRZFgGNm+/1NlW4CwC5l1iXnX8PWtmBmDmu3\nMS0Qse9O6nRRM7WpTBOXZUt9swaRSuWWz2+wKGIbgwMBaiMOln9hMae0cyYFoiVx\n14hC3zCNwZpslwhI6mRAY1/iitTMEkKPGNUq6HeuDq3dBts268eajjAQSTvd3R63\nTbI1BQwm+1JaFfGh9tCCYQVrJUj92RDIbAi0jO2+QhS2GqhIAD6WrPE1iuUThgHK\nRyItmjf9tgpGLXH1SYkCKeRVFzr+g3+QmzlxmVC+GJe+WcdI5B7FbwuOKKt52Svt\no9iSvJxPr0I4RCoLTL0t1Xi0+08Qgw==\n-----END PRIVATE KEY-----\n",
            "public_key_fingerprint_md5": "be:0e:fc:37:8c:e8:8e:89:c9:a7:4d:2b:c4:ff:6c:30",
            "public_key_fingerprint_sha256": "SHA256:QaTe14kPKpL8HOKZNECvZgzsKkpTehievlUDCTQTovI",
            "public_key_openssh": "ssh-rsa AAAAB3NzaC1yc2EAAAADAQABAAACAQDBwFcBxuHJW/FiA87mTtvc7vK9B9AOINfkLEGjDwCNI34zGPgMbwE+QO8pzpSAu9o4zJVI2/bBomg/NnxdUU5jycpGKoOEEUnmB2B0MDRKfIV5cyPTyrgYElSLAK+LncoWNUFrNMZDwgqGch3e2Dd8huIpB3nk3h7W+Egu7rS8iytpbZI0LD3kLQgVHGSwhIxJvABH5QqU8CBndAVrMP1U1n9zVP86erOXoMde2gwS7mKhvPXirbofl06yWKznGLKfCIP7d1DIJquA6X8AAsLhixDlkFs2+1lxoPCmY1tlSrHA50ZHMsEFUZhEI4jgn+3K6yRNUsuEsBediq07/2CBJq6KvkXyDeLDXnY0xQqrMYDqillvaen2o36fstjjQYqBrdnnbDDvV/BmUdYBOBCipGCbenh34/PpWNQu83tBTKlPM+SbqSFj+q4kd6b4lkL6IckW6CV/pesWSNLgHccNwYUqs07pTD1bZG+7dfqDF7o55AbrTQz3otUhPYvS8TmtG4T10UziBTtxnSHS2I/WoMLPScQylrPTle1kFR6upNBgjb+BXLSgsfJrBVjoUCBzKc3eJ0lpvnyPw6h4EOXC5/WVBUUtQBNeeCn9BCF+SgzIj/Ev0aszKXQ/sN2Q++N5wPaVvC4UB1yhSJFa1LqA+cazE/TsJQHKD2b0y3R5kw==\n",
            "public_key_pem": "-----BEGIN PUBLIC KEY-----\nMIICIjANBgkqhkiG9w0BAQEFAAOCAg8AMIICCgKCAgEAwcBXAcbhyVvxYgPO5k7b\n3O7yvQfQDiDX5CxBow8AjSN+Mxj4DG8BPkDvKc6UgLvaOMyVSNv2waJoPzZ8XVFO\nY8nKRiqDhBFJ5gdgdDA0SnyFeXMj08q4GBJUiwCvi53KFjVBazTGQ8IKhnId3tg3\nfIbiKQd55N4e1vhILu60vIsraW2SNCw95C0IFRxksISMSbwAR+UKlPAgZ3QFazD9\nVNZ/c1T/Onqzl6DHXtoMEu5iobz14q26H5dOslis5xiynwiD+3dQyCargOl/AALC\n4YsQ5ZBbNvtZcaDwpmNbZUqxwOdGRzLBBVGYRCOI4J/tyuskTVLLhLAXnYqtO/9g\ngSauir5F8g3iw152NMUKqzGA6opZb2np9qN+n7LY40GKga3Z52ww71fwZlHWATgQ\noqRgm3p4d+Pz6VjULvN7QUypTzPkm6khY/quJHem+JZC+iHJFuglf6XrFkjS4B3H\nDcGFKrNO6Uw9W2Rvu3X6gxe6OeQG600M96LVIT2L0vE5rRuE9dFM4gU7cZ0h0tiP\n1qDCz0nEMpaz05XtZBUerqTQYI2/gVy0oLHyawVY6FAgcynN3idJab58j8OoeBDl\nwuf1lQVFLUATXngp/QQhfkoMyI/xL9GrMyl0P7DdkPvjecD2lbwuFAdcoUiRWtS6\ngPnGsxP07CUByg9m9Mt0eZMCAwEAAQ==\n-----END PUBLIC KEY-----\n",
            "rsa_bits": 4096
          },
          "sensitive_attributes": []
        }
      ]
    },
    {
      "module": "module.vpc",
      "mode": "managed",
      "type": "aws_default_network_acl",
      "name": "this",
      "provider": "provider[\"registry.terraform.io/hashicorp/aws\"]",
      "instances": [
        {
          "index_key": 0,
          "schema_version": 0,
          "attributes": {
            "arn": "arn:aws:ec2:us-east-1:891377328816:network-acl/acl-097e93973f5bf993e",
            "default_network_acl_id": "acl-097e93973f5bf993e",
            "egress": [
              {
                "action": "allow",
                "cidr_block": "",
                "from_port": 0,
                "icmp_code": null,
                "icmp_type": null,
                "ipv6_cidr_block": "::/0",
                "protocol": "-1",
                "rule_no": 101,
                "to_port": 0
              },
              {
                "action": "allow",
                "cidr_block": "0.0.0.0/0",
                "from_port": 0,
                "icmp_code": null,
                "icmp_type": null,
                "ipv6_cidr_block": "",
                "protocol": "-1",
                "rule_no": 100,
                "to_port": 0
              }
            ],
            "id": "acl-097e93973f5bf993e",
            "ingress": [
              {
                "action": "allow",
                "cidr_block": "",
                "from_port": 0,
                "icmp_code": null,
                "icmp_type": null,
                "ipv6_cidr_block": "::/0",
                "protocol": "-1",
                "rule_no": 101,
                "to_port": 0
              },
              {
                "action": "allow",
                "cidr_block": "0.0.0.0/0",
                "from_port": 0,
                "icmp_code": null,
                "icmp_type": null,
                "ipv6_cidr_block": "",
                "protocol": "-1",
                "rule_no": 100,
                "to_port": 0
              }
            ],
            "owner_id": "891377328816",
            "subnet_ids": [
              "subnet-03312a9a986b9faae",
              "subnet-07d2c5c590febd840",
              "subnet-0b181ce5940cadf43",
              "subnet-0cfd604b778953156"
            ],
            "tags": {
              "Name": "project-Terraform-vpc-default"
            },
            "tags_all": {
              "Name": "project-Terraform-vpc-default"
            },
            "vpc_id": "vpc-0484e160a1ff0f884"
          },
          "sensitive_attributes": [],
          "private": "bnVsbA==",
          "dependencies": [
            "module.vpc.aws_vpc.this"
          ]
        }
      ]
    },
    {
      "module": "module.vpc",
      "mode": "managed",
      "type": "aws_default_route_table",
      "name": "default",
      "provider": "provider[\"registry.terraform.io/hashicorp/aws\"]",
      "instances": [
        {
          "index_key": 0,
          "schema_version": 0,
          "attributes": {
            "arn": "arn:aws:ec2:us-east-1:891377328816:route-table/rtb-04d5474bc3ae1107e",
            "default_route_table_id": "rtb-04d5474bc3ae1107e",
            "id": "rtb-04d5474bc3ae1107e",
            "owner_id": "891377328816",
            "propagating_vgws": null,
            "route": [],
            "tags": {
              "Name": "project-Terraform-vpc-default"
            },
            "tags_all": {
              "Name": "project-Terraform-vpc-default"
            },
            "timeouts": {
              "create": "5m",
              "update": "5m"
            },
            "vpc_id": "vpc-0484e160a1ff0f884"
          },
          "sensitive_attributes": [],
          "private": "eyJlMmJmYjczMC1lY2FhLTExZTYtOGY4OC0zNDM2M2JjN2M0YzAiOnsiY3JlYXRlIjozMDAwMDAwMDAwMDAsInVwZGF0ZSI6MzAwMDAwMDAwMDAwfX0=",
          "dependencies": [
            "module.vpc.aws_vpc.this"
          ]
        }
      ]
    },
    {
      "module": "module.vpc",
      "mode": "managed",
      "type": "aws_default_security_group",
      "name": "this",
      "provider": "provider[\"registry.terraform.io/hashicorp/aws\"]",
      "instances": [
        {
          "index_key": 0,
          "schema_version": 1,
          "attributes": {
            "arn": "arn:aws:ec2:us-east-1:891377328816:security-group/sg-0835acdf12917e2b4",
            "description": "default VPC security group",
            "egress": [],
            "id": "sg-0835acdf12917e2b4",
            "ingress": [],
            "name": "default",
            "name_prefix": "",
            "owner_id": "891377328816",
            "revoke_rules_on_delete": false,
            "tags": {
              "Name": "project-Terraform-vpc-default"
            },
            "tags_all": {
              "Name": "project-Terraform-vpc-default"
            },
            "vpc_id": "vpc-0484e160a1ff0f884"
          },
          "sensitive_attributes": [],
          "private": "eyJzY2hlbWFfdmVyc2lvbiI6IjEifQ==",
          "dependencies": [
            "module.vpc.aws_vpc.this"
          ]
        }
      ]
    },
    {
      "module": "module.vpc",
      "mode": "managed",
      "type": "aws_eip",
      "name": "nat",
      "provider": "provider[\"registry.terraform.io/hashicorp/aws\"]",
      "instances": [
        {
          "index_key": 0,
          "schema_version": 0,
          "attributes": {
            "address": null,
            "allocation_id": "eipalloc-0fcae11d9d7a709aa",
            "arn": "arn:aws:ec2:us-east-1:891377328816:elastic-ip/eipalloc-0fcae11d9d7a709aa",
            "associate_with_private_ip": null,
            "association_id": "",
            "carrier_ip": "",
            "customer_owned_ip": "",
            "customer_owned_ipv4_pool": "",
            "domain": "vpc",
            "id": "eipalloc-0fcae11d9d7a709aa",
            "instance": "",
            "ipam_pool_id": null,
            "network_border_group": "us-east-1",
            "network_interface": "",
            "private_dns": null,
            "private_ip": "",
            "ptr_record": "",
            "public_dns": "ec2-52-201-27-74.compute-1.amazonaws.com",
            "public_ip": "52.201.27.74",
            "public_ipv4_pool": "amazon",
            "tags": {
              "Name": "project-Terraform-vpc-us-east-1a"
            },
            "tags_all": {
              "Name": "project-Terraform-vpc-us-east-1a"
            },
            "timeouts": null,
            "vpc": true
          },
          "sensitive_attributes": [],
          "private": "eyJlMmJmYjczMC1lY2FhLTExZTYtOGY4OC0zNDM2M2JjN2M0YzAiOnsiZGVsZXRlIjoxODAwMDAwMDAwMDAsInJlYWQiOjkwMDAwMDAwMDAwMCwidXBkYXRlIjozMDAwMDAwMDAwMDB9fQ==",
          "dependencies": [
            "module.vpc.aws_internet_gateway.this",
            "module.vpc.aws_vpc.this",
            "module.vpc.aws_vpc_ipv4_cidr_block_association.this"
          ]
        }
      ]
    },
    {
      "module": "module.vpc",
      "mode": "managed",
      "type": "aws_internet_gateway",
      "name": "this",
      "provider": "provider[\"registry.terraform.io/hashicorp/aws\"]",
      "instances": [
        {
          "index_key": 0,
          "schema_version": 0,
          "attributes": {
            "arn": "arn:aws:ec2:us-east-1:891377328816:internet-gateway/igw-0596368fb099f7ecb",
            "id": "igw-0596368fb099f7ecb",
            "owner_id": "891377328816",
            "tags": {
              "Name": "project-Terraform-vpc"
            },
            "tags_all": {
              "Name": "project-Terraform-vpc"
            },
            "timeouts": null,
            "vpc_id": "vpc-0484e160a1ff0f884"
          },
          "sensitive_attributes": [],
          "private": "eyJlMmJmYjczMC1lY2FhLTExZTYtOGY4OC0zNDM2M2JjN2M0YzAiOnsiY3JlYXRlIjoxMjAwMDAwMDAwMDAwLCJkZWxldGUiOjEyMDAwMDAwMDAwMDAsInVwZGF0ZSI6MTIwMDAwMDAwMDAwMH19",
          "dependencies": [
            "module.vpc.aws_vpc.this",
            "module.vpc.aws_vpc_ipv4_cidr_block_association.this"
          ]
        }
      ]
    },
    {
      "module": "module.vpc",
      "mode": "managed",
      "type": "aws_nat_gateway",
      "name": "this",
      "provider": "provider[\"registry.terraform.io/hashicorp/aws\"]",
      "instances": [
        {
          "index_key": 0,
          "schema_version": 0,
          "attributes": {
            "allocation_id": "eipalloc-0fcae11d9d7a709aa",
            "association_id": "eipassoc-0f371545573f4f894",
            "connectivity_type": "public",
            "id": "nat-04edc0757bd974957",
            "network_interface_id": "eni-0ad1cd9ca76629d93",
            "private_ip": "10.0.74.251",
            "public_ip": "52.201.27.74",
            "secondary_allocation_ids": null,
            "secondary_private_ip_address_count": 0,
            "secondary_private_ip_addresses": [],
            "subnet_id": "subnet-0cfd604b778953156",
            "tags": {
              "Name": "project-Terraform-vpc-us-east-1a"
            },
            "tags_all": {
              "Name": "project-Terraform-vpc-us-east-1a"
            },
            "timeouts": null
          },
          "sensitive_attributes": [],
          "private": "eyJlMmJmYjczMC1lY2FhLTExZTYtOGY4OC0zNDM2M2JjN2M0YzAiOnsiY3JlYXRlIjo2MDAwMDAwMDAwMDAsImRlbGV0ZSI6MTgwMDAwMDAwMDAwMCwidXBkYXRlIjo2MDAwMDAwMDAwMDB9fQ==",
          "dependencies": [
            "module.vpc.aws_eip.nat",
            "module.vpc.aws_internet_gateway.this",
            "module.vpc.aws_subnet.public",
            "module.vpc.aws_vpc.this",
            "module.vpc.aws_vpc_ipv4_cidr_block_association.this"
          ]
        }
      ]
    },
    {
      "module": "module.vpc",
      "mode": "managed",
      "type": "aws_route",
      "name": "private_nat_gateway",
      "provider": "provider[\"registry.terraform.io/hashicorp/aws\"]",
      "instances": [
        {
          "index_key": 0,
          "schema_version": 0,
          "attributes": {
            "carrier_gateway_id": "",
            "core_network_arn": "",
            "destination_cidr_block": "0.0.0.0/0",
            "destination_ipv6_cidr_block": "",
            "destination_prefix_list_id": "",
            "egress_only_gateway_id": "",
            "gateway_id": "",
            "id": "r-rtb-0bac248cbe4d779901080289494",
            "instance_id": "",
            "instance_owner_id": "",
            "local_gateway_id": "",
            "nat_gateway_id": "nat-04edc0757bd974957",
            "network_interface_id": "",
            "origin": "CreateRoute",
            "route_table_id": "rtb-0bac248cbe4d77990",
            "state": "active",
            "timeouts": {
              "create": "5m",
              "delete": null,
              "update": null
            },
            "transit_gateway_id": "",
            "vpc_endpoint_id": "",
            "vpc_peering_connection_id": ""
          },
          "sensitive_attributes": [],
          "private": "eyJlMmJmYjczMC1lY2FhLTExZTYtOGY4OC0zNDM2M2JjN2M0YzAiOnsiY3JlYXRlIjozMDAwMDAwMDAwMDAsImRlbGV0ZSI6MzAwMDAwMDAwMDAwLCJ1cGRhdGUiOjEyMDAwMDAwMDAwMH19",
          "dependencies": [
            "module.vpc.aws_eip.nat",
            "module.vpc.aws_internet_gateway.this",
            "module.vpc.aws_nat_gateway.this",
            "module.vpc.aws_route_table.private",
            "module.vpc.aws_subnet.public",
            "module.vpc.aws_vpc.this",
            "module.vpc.aws_vpc_ipv4_cidr_block_association.this"
          ]
        }
      ]
    },
    {
      "module": "module.vpc",
      "mode": "managed",
      "type": "aws_route",
      "name": "public_internet_gateway",
      "provider": "provider[\"registry.terraform.io/hashicorp/aws\"]",
      "instances": [
        {
          "index_key": 0,
          "schema_version": 0,
          "attributes": {
            "carrier_gateway_id": "",
            "core_network_arn": "",
            "destination_cidr_block": "0.0.0.0/0",
            "destination_ipv6_cidr_block": "",
            "destination_prefix_list_id": "",
            "egress_only_gateway_id": "",
            "gateway_id": "igw-0596368fb099f7ecb",
            "id": "r-rtb-0121e8c4c7240e2fc1080289494",
            "instance_id": "",
            "instance_owner_id": "",
            "local_gateway_id": "",
            "nat_gateway_id": "",
            "network_interface_id": "",
            "origin": "CreateRoute",
            "route_table_id": "rtb-0121e8c4c7240e2fc",
            "state": "active",
            "timeouts": {
              "create": "5m",
              "delete": null,
              "update": null
            },
            "transit_gateway_id": "",
            "vpc_endpoint_id": "",
            "vpc_peering_connection_id": ""
          },
          "sensitive_attributes": [],
          "private": "eyJlMmJmYjczMC1lY2FhLTExZTYtOGY4OC0zNDM2M2JjN2M0YzAiOnsiY3JlYXRlIjozMDAwMDAwMDAwMDAsImRlbGV0ZSI6MzAwMDAwMDAwMDAwLCJ1cGRhdGUiOjEyMDAwMDAwMDAwMH19",
          "dependencies": [
            "module.vpc.aws_internet_gateway.this",
            "module.vpc.aws_route_table.public",
            "module.vpc.aws_vpc.this",
            "module.vpc.aws_vpc_ipv4_cidr_block_association.this"
          ]
        }
      ]
    },
    {
      "module": "module.vpc",
      "mode": "managed",
      "type": "aws_route_table",
      "name": "private",
      "provider": "provider[\"registry.terraform.io/hashicorp/aws\"]",
      "instances": [
        {
          "index_key": 0,
          "schema_version": 0,
          "attributes": {
            "arn": "arn:aws:ec2:us-east-1:891377328816:route-table/rtb-0bac248cbe4d77990",
            "id": "rtb-0bac248cbe4d77990",
            "owner_id": "891377328816",
            "propagating_vgws": [],
            "route": [],
            "tags": {
              "Name": "project-Terraform-vpc-private"
            },
            "tags_all": {
              "Name": "project-Terraform-vpc-private"
            },
            "timeouts": null,
            "vpc_id": "vpc-0484e160a1ff0f884"
          },
          "sensitive_attributes": [],
          "private": "eyJlMmJmYjczMC1lY2FhLTExZTYtOGY4OC0zNDM2M2JjN2M0YzAiOnsiY3JlYXRlIjozMDAwMDAwMDAwMDAsImRlbGV0ZSI6MzAwMDAwMDAwMDAwLCJ1cGRhdGUiOjEyMDAwMDAwMDAwMH19",
          "dependencies": [
            "module.vpc.aws_vpc.this",
            "module.vpc.aws_vpc_ipv4_cidr_block_association.this"
          ]
        }
      ]
    },
    {
      "module": "module.vpc",
      "mode": "managed",
      "type": "aws_route_table",
      "name": "public",
      "provider": "provider[\"registry.terraform.io/hashicorp/aws\"]",
      "instances": [
        {
          "index_key": 0,
          "schema_version": 0,
          "attributes": {
            "arn": "arn:aws:ec2:us-east-1:891377328816:route-table/rtb-0121e8c4c7240e2fc",
            "id": "rtb-0121e8c4c7240e2fc",
            "owner_id": "891377328816",
            "propagating_vgws": [],
            "route": [],
            "tags": {
              "Name": "project-Terraform-vpc-public"
            },
            "tags_all": {
              "Name": "project-Terraform-vpc-public"
            },
            "timeouts": null,
            "vpc_id": "vpc-0484e160a1ff0f884"
          },
          "sensitive_attributes": [],
          "private": "eyJlMmJmYjczMC1lY2FhLTExZTYtOGY4OC0zNDM2M2JjN2M0YzAiOnsiY3JlYXRlIjozMDAwMDAwMDAwMDAsImRlbGV0ZSI6MzAwMDAwMDAwMDAwLCJ1cGRhdGUiOjEyMDAwMDAwMDAwMH19",
          "dependencies": [
            "module.vpc.aws_vpc.this",
            "module.vpc.aws_vpc_ipv4_cidr_block_association.this"
          ]
        }
      ]
    },
    {
      "module": "module.vpc",
      "mode": "managed",
      "type": "aws_route_table_association",
      "name": "private",
      "provider": "provider[\"registry.terraform.io/hashicorp/aws\"]",
      "instances": [
        {
          "index_key": 0,
          "schema_version": 0,
          "attributes": {
            "gateway_id": "",
            "id": "rtbassoc-095ba413266c7e365",
            "route_table_id": "rtb-0bac248cbe4d77990",
            "subnet_id": "subnet-07d2c5c590febd840",
            "timeouts": null
          },
          "sensitive_attributes": [],
          "private": "eyJlMmJmYjczMC1lY2FhLTExZTYtOGY4OC0zNDM2M2JjN2M0YzAiOnsiY3JlYXRlIjozMDAwMDAwMDAwMDAsImRlbGV0ZSI6MzAwMDAwMDAwMDAwLCJ1cGRhdGUiOjEyMDAwMDAwMDAwMH19",
          "dependencies": [
            "module.vpc.aws_route_table.private",
            "module.vpc.aws_subnet.private",
            "module.vpc.aws_vpc.this",
            "module.vpc.aws_vpc_ipv4_cidr_block_association.this"
          ]
        },
        {
          "index_key": 1,
          "schema_version": 0,
          "attributes": {
            "gateway_id": "",
            "id": "rtbassoc-0511f526951a3988c",
            "route_table_id": "rtb-0bac248cbe4d77990",
            "subnet_id": "subnet-0b181ce5940cadf43",
            "timeouts": null
          },
          "sensitive_attributes": [],
          "private": "eyJlMmJmYjczMC1lY2FhLTExZTYtOGY4OC0zNDM2M2JjN2M0YzAiOnsiY3JlYXRlIjozMDAwMDAwMDAwMDAsImRlbGV0ZSI6MzAwMDAwMDAwMDAwLCJ1cGRhdGUiOjEyMDAwMDAwMDAwMH19",
          "dependencies": [
            "module.vpc.aws_route_table.private",
            "module.vpc.aws_subnet.private",
            "module.vpc.aws_vpc.this",
            "module.vpc.aws_vpc_ipv4_cidr_block_association.this"
          ]
        }
      ]
    },
    {
      "module": "module.vpc",
      "mode": "managed",
      "type": "aws_route_table_association",
      "name": "public",
      "provider": "provider[\"registry.terraform.io/hashicorp/aws\"]",
      "instances": [
        {
          "index_key": 0,
          "schema_version": 0,
          "attributes": {
            "gateway_id": "",
            "id": "rtbassoc-05699125374725fde",
            "route_table_id": "rtb-0121e8c4c7240e2fc",
            "subnet_id": "subnet-0cfd604b778953156",
            "timeouts": null
          },
          "sensitive_attributes": [],
          "private": "eyJlMmJmYjczMC1lY2FhLTExZTYtOGY4OC0zNDM2M2JjN2M0YzAiOnsiY3JlYXRlIjozMDAwMDAwMDAwMDAsImRlbGV0ZSI6MzAwMDAwMDAwMDAwLCJ1cGRhdGUiOjEyMDAwMDAwMDAwMH19",
          "dependencies": [
            "module.vpc.aws_route_table.public",
            "module.vpc.aws_subnet.public",
            "module.vpc.aws_vpc.this",
            "module.vpc.aws_vpc_ipv4_cidr_block_association.this"
          ]
        },
        {
          "index_key": 1,
          "schema_version": 0,
          "attributes": {
            "gateway_id": "",
            "id": "rtbassoc-035cd04e34e4df543",
            "route_table_id": "rtb-0121e8c4c7240e2fc",
            "subnet_id": "subnet-03312a9a986b9faae",
            "timeouts": null
          },
          "sensitive_attributes": [],
          "private": "eyJlMmJmYjczMC1lY2FhLTExZTYtOGY4OC0zNDM2M2JjN2M0YzAiOnsiY3JlYXRlIjozMDAwMDAwMDAwMDAsImRlbGV0ZSI6MzAwMDAwMDAwMDAwLCJ1cGRhdGUiOjEyMDAwMDAwMDAwMH19",
          "dependencies": [
            "module.vpc.aws_route_table.public",
            "module.vpc.aws_subnet.public",
            "module.vpc.aws_vpc.this",
            "module.vpc.aws_vpc_ipv4_cidr_block_association.this"
          ]
        }
      ]
    },
    {
      "module": "module.vpc",
      "mode": "managed",
      "type": "aws_subnet",
      "name": "private",
      "provider": "provider[\"registry.terraform.io/hashicorp/aws\"]",
      "instances": [
        {
          "index_key": 0,
          "schema_version": 1,
          "attributes": {
            "arn": "arn:aws:ec2:us-east-1:891377328816:subnet/subnet-07d2c5c590febd840",
            "assign_ipv6_address_on_creation": false,
            "availability_zone": "us-east-1a",
            "availability_zone_id": "use1-az6",
            "cidr_block": "10.0.0.0/19",
            "customer_owned_ipv4_pool": "",
            "enable_dns64": false,
            "enable_lni_at_device_index": 0,
            "enable_resource_name_dns_a_record_on_launch": false,
            "enable_resource_name_dns_aaaa_record_on_launch": false,
            "id": "subnet-07d2c5c590febd840",
            "ipv6_cidr_block": "",
            "ipv6_cidr_block_association_id": "",
            "ipv6_native": false,
            "map_customer_owned_ip_on_launch": false,
            "map_public_ip_on_launch": false,
            "outpost_arn": "",
            "owner_id": "891377328816",
            "private_dns_hostname_type_on_launch": "ip-name",
            "tags": {
              "Name": "private-subnets"
            },
            "tags_all": {
              "Name": "private-subnets"
            },
            "timeouts": null,
            "vpc_id": "vpc-0484e160a1ff0f884"
          },
          "sensitive_attributes": [],
          "private": "eyJlMmJmYjczMC1lY2FhLTExZTYtOGY4OC0zNDM2M2JjN2M0YzAiOnsiY3JlYXRlIjo2MDAwMDAwMDAwMDAsImRlbGV0ZSI6MTIwMDAwMDAwMDAwMH0sInNjaGVtYV92ZXJzaW9uIjoiMSJ9",
          "dependencies": [
            "module.vpc.aws_vpc.this",
            "module.vpc.aws_vpc_ipv4_cidr_block_association.this"
          ]
        },
        {
          "index_key": 1,
          "schema_version": 1,
          "attributes": {
            "arn": "arn:aws:ec2:us-east-1:891377328816:subnet/subnet-0b181ce5940cadf43",
            "assign_ipv6_address_on_creation": false,
            "availability_zone": "us-east-1b",
            "availability_zone_id": "use1-az1",
            "cidr_block": "10.0.32.0/19",
            "customer_owned_ipv4_pool": "",
            "enable_dns64": false,
            "enable_lni_at_device_index": 0,
            "enable_resource_name_dns_a_record_on_launch": false,
            "enable_resource_name_dns_aaaa_record_on_launch": false,
            "id": "subnet-0b181ce5940cadf43",
            "ipv6_cidr_block": "",
            "ipv6_cidr_block_association_id": "",
            "ipv6_native": false,
            "map_customer_owned_ip_on_launch": false,
            "map_public_ip_on_launch": false,
            "outpost_arn": "",
            "owner_id": "891377328816",
            "private_dns_hostname_type_on_launch": "ip-name",
            "tags": {
              "Name": "private-subnets"
            },
            "tags_all": {
              "Name": "private-subnets"
            },
            "timeouts": null,
            "vpc_id": "vpc-0484e160a1ff0f884"
          },
          "sensitive_attributes": [],
          "private": "eyJlMmJmYjczMC1lY2FhLTExZTYtOGY4OC0zNDM2M2JjN2M0YzAiOnsiY3JlYXRlIjo2MDAwMDAwMDAwMDAsImRlbGV0ZSI6MTIwMDAwMDAwMDAwMH0sInNjaGVtYV92ZXJzaW9uIjoiMSJ9",
          "dependencies": [
            "module.vpc.aws_vpc.this",
            "module.vpc.aws_vpc_ipv4_cidr_block_association.this"
          ]
        }
      ]
    },
    {
      "module": "module.vpc",
      "mode": "managed",
      "type": "aws_subnet",
      "name": "public",
      "provider": "provider[\"registry.terraform.io/hashicorp/aws\"]",
      "instances": [
        {
          "index_key": 0,
          "schema_version": 1,
          "attributes": {
            "arn": "arn:aws:ec2:us-east-1:891377328816:subnet/subnet-0cfd604b778953156",
            "assign_ipv6_address_on_creation": false,
            "availability_zone": "us-east-1a",
            "availability_zone_id": "use1-az6",
            "cidr_block": "10.0.64.0/19",
            "customer_owned_ipv4_pool": "",
            "enable_dns64": false,
            "enable_lni_at_device_index": 0,
            "enable_resource_name_dns_a_record_on_launch": false,
            "enable_resource_name_dns_aaaa_record_on_launch": false,
            "id": "subnet-0cfd604b778953156",
            "ipv6_cidr_block": "",
            "ipv6_cidr_block_association_id": "",
            "ipv6_native": false,
            "map_customer_owned_ip_on_launch": false,
            "map_public_ip_on_launch": false,
            "outpost_arn": "",
            "owner_id": "891377328816",
            "private_dns_hostname_type_on_launch": "ip-name",
            "tags": {
              "Name": "public-subnets"
            },
            "tags_all": {
              "Name": "public-subnets"
            },
            "timeouts": null,
            "vpc_id": "vpc-0484e160a1ff0f884"
          },
          "sensitive_attributes": [],
          "private": "eyJlMmJmYjczMC1lY2FhLTExZTYtOGY4OC0zNDM2M2JjN2M0YzAiOnsiY3JlYXRlIjo2MDAwMDAwMDAwMDAsImRlbGV0ZSI6MTIwMDAwMDAwMDAwMH0sInNjaGVtYV92ZXJzaW9uIjoiMSJ9",
          "dependencies": [
            "module.vpc.aws_vpc.this",
            "module.vpc.aws_vpc_ipv4_cidr_block_association.this"
          ]
        },
        {
          "index_key": 1,
          "schema_version": 1,
          "attributes": {
            "arn": "arn:aws:ec2:us-east-1:891377328816:subnet/subnet-03312a9a986b9faae",
            "assign_ipv6_address_on_creation": false,
            "availability_zone": "us-east-1b",
            "availability_zone_id": "use1-az1",
            "cidr_block": "10.0.96.0/19",
            "customer_owned_ipv4_pool": "",
            "enable_dns64": false,
            "enable_lni_at_device_index": 0,
            "enable_resource_name_dns_a_record_on_launch": false,
            "enable_resource_name_dns_aaaa_record_on_launch": false,
            "id": "subnet-03312a9a986b9faae",
            "ipv6_cidr_block": "",
            "ipv6_cidr_block_association_id": "",
            "ipv6_native": false,
            "map_customer_owned_ip_on_launch": false,
            "map_public_ip_on_launch": false,
            "outpost_arn": "",
            "owner_id": "891377328816",
            "private_dns_hostname_type_on_launch": "ip-name",
            "tags": {
              "Name": "public-subnets"
            },
            "tags_all": {
              "Name": "public-subnets"
            },
            "timeouts": null,
            "vpc_id": "vpc-0484e160a1ff0f884"
          },
          "sensitive_attributes": [],
          "private": "eyJlMmJmYjczMC1lY2FhLTExZTYtOGY4OC0zNDM2M2JjN2M0YzAiOnsiY3JlYXRlIjo2MDAwMDAwMDAwMDAsImRlbGV0ZSI6MTIwMDAwMDAwMDAwMH0sInNjaGVtYV92ZXJzaW9uIjoiMSJ9",
          "dependencies": [
            "module.vpc.aws_vpc.this",
            "module.vpc.aws_vpc_ipv4_cidr_block_association.this"
          ]
        }
      ]
    },
    {
      "module": "module.vpc",
      "mode": "managed",
      "type": "aws_vpc",
      "name": "this",
      "provider": "provider[\"registry.terraform.io/hashicorp/aws\"]",
      "instances": [
        {
          "index_key": 0,
          "schema_version": 1,
          "attributes": {
            "arn": "arn:aws:ec2:us-east-1:891377328816:vpc/vpc-0484e160a1ff0f884",
            "assign_generated_ipv6_cidr_block": false,
            "cidr_block": "10.0.0.0/16",
            "default_network_acl_id": "acl-097e93973f5bf993e",
            "default_route_table_id": "rtb-04d5474bc3ae1107e",
            "default_security_group_id": "sg-0835acdf12917e2b4",
            "dhcp_options_id": "dopt-088ccc6662862e84c",
            "enable_dns_hostnames": true,
            "enable_dns_support": true,
            "enable_network_address_usage_metrics": false,
            "id": "vpc-0484e160a1ff0f884",
            "instance_tenancy": "default",
            "ipv4_ipam_pool_id": null,
            "ipv4_netmask_length": null,
            "ipv6_association_id": "",
            "ipv6_cidr_block": "",
            "ipv6_cidr_block_network_border_group": "",
            "ipv6_ipam_pool_id": "",
            "ipv6_netmask_length": 0,
            "main_route_table_id": "rtb-04d5474bc3ae1107e",
            "owner_id": "891377328816",
            "tags": {
              "Name": "project-Terraform-vpc"
            },
            "tags_all": {
              "Name": "project-Terraform-vpc"
            }
          },
          "sensitive_attributes": [],
          "private": "eyJzY2hlbWFfdmVyc2lvbiI6IjEifQ=="
        }
      ]
    }
  ],
  "check_results": null
}
